// !$*UTF8*$!
{
	archiveVersion = 1;
	classes = {
	};
	objectVersion = 77;
	objects = {

/* Begin PBXBuildFile section */
		498ABD522CD58E8D00C61A33 /* libAOCTools.dylib in Frameworks */ = {isa = PBXBuildFile; fileRef = 498ABD3D2CD58E4600C61A33 /* libAOCTools.dylib */; };
		498ABD732CD62B5500C61A33 /* libAOCTools.dylib in Frameworks */ = {isa = PBXBuildFile; fileRef = 498ABD3D2CD58E4600C61A33 /* libAOCTools.dylib */; };
		49C19B1A2CD68E160063CFCA /* libAOCTools.dylib in Frameworks */ = {isa = PBXBuildFile; fileRef = 498ABD3D2CD58E4600C61A33 /* libAOCTools.dylib */; };
		49CC38482CD7A5CC00482D01 /* libAOCTools.dylib in Frameworks */ = {isa = PBXBuildFile; fileRef = 498ABD3D2CD58E4600C61A33 /* libAOCTools.dylib */; };
		49CC385A2CD8038100482D01 /* libAOCTools.dylib in Frameworks */ = {isa = PBXBuildFile; fileRef = 498ABD3D2CD58E4600C61A33 /* libAOCTools.dylib */; };
/* End PBXBuildFile section */

/* Begin PBXContainerItemProxy section */
		498ABD742CD62B5500C61A33 /* PBXContainerItemProxy */ = {
			isa = PBXContainerItemProxy;
			containerPortal = 498ABD272CD58DD200C61A33 /* Project object */;
			proxyType = 1;
			remoteGlobalIDString = 498ABD3C2CD58E4600C61A33;
			remoteInfo = AOCTools;
		};
/* End PBXContainerItemProxy section */

/* Begin PBXCopyFilesBuildPhase section */
		498ABD482CD58E7800C61A33 /* CopyFiles */ = {
			isa = PBXCopyFilesBuildPhase;
			buildActionMask = 2147483647;
			dstPath = /usr/share/man/man1/;
			dstSubfolderSpec = 0;
			files = (
			);
			runOnlyForDeploymentPostprocessing = 1;
		};
		49C19B0B2CD63B120063CFCA /* CopyFiles */ = {
			isa = PBXCopyFilesBuildPhase;
			buildActionMask = 2147483647;
			dstPath = /usr/share/man/man1/;
			dstSubfolderSpec = 0;
			files = (
			);
			runOnlyForDeploymentPostprocessing = 1;
		};
		49CC383C2CD7A54E00482D01 /* CopyFiles */ = {
			isa = PBXCopyFilesBuildPhase;
			buildActionMask = 2147483647;
			dstPath = /usr/share/man/man1/;
			dstSubfolderSpec = 0;
			files = (
			);
			runOnlyForDeploymentPostprocessing = 1;
		};
		49CC38512CD8037000482D01 /* CopyFiles */ = {
			isa = PBXCopyFilesBuildPhase;
			buildActionMask = 2147483647;
			dstPath = /usr/share/man/man1/;
			dstSubfolderSpec = 0;
			files = (
			);
			runOnlyForDeploymentPostprocessing = 1;
		};
/* End PBXCopyFilesBuildPhase section */

/* Begin PBXFileReference section */
		498ABD3D2CD58E4600C61A33 /* libAOCTools.dylib */ = {isa = PBXFileReference; explicitFileType = "compiled.mach-o.dylib"; includeInIndex = 0; path = libAOCTools.dylib; sourceTree = BUILT_PRODUCTS_DIR; };
		498ABD4A2CD58E7800C61A33 /* Day1 */ = {isa = PBXFileReference; explicitFileType = "compiled.mach-o.executable"; includeInIndex = 0; path = Day1; sourceTree = BUILT_PRODUCTS_DIR; };
		498ABD6F2CD62B5500C61A33 /* AOCToolsTest.xctest */ = {isa = PBXFileReference; explicitFileType = wrapper.cfbundle; includeInIndex = 0; path = AOCToolsTest.xctest; sourceTree = BUILT_PRODUCTS_DIR; };
		49C19B0D2CD63B120063CFCA /* Day21 */ = {isa = PBXFileReference; explicitFileType = "compiled.mach-o.executable"; includeInIndex = 0; path = Day21; sourceTree = BUILT_PRODUCTS_DIR; };
		49CC383E2CD7A54E00482D01 /* Day3 */ = {isa = PBXFileReference; explicitFileType = "compiled.mach-o.executable"; includeInIndex = 0; path = Day3; sourceTree = BUILT_PRODUCTS_DIR; };
		49CC38532CD8037000482D01 /* Day10 */ = {isa = PBXFileReference; explicitFileType = "compiled.mach-o.executable"; includeInIndex = 0; path = Day10; sourceTree = BUILT_PRODUCTS_DIR; };
/* End PBXFileReference section */

/* Begin PBXFileSystemSynchronizedRootGroup section */
		498ABD3E2CD58E4600C61A33 /* AOCTools */ = {
			isa = PBXFileSystemSynchronizedRootGroup;
			path = AOCTools;
			sourceTree = "<group>";
		};
		498ABD4B2CD58E7800C61A33 /* Day1 */ = {
			isa = PBXFileSystemSynchronizedRootGroup;
			path = Day1;
			sourceTree = "<group>";
		};
		498ABD702CD62B5500C61A33 /* AOCToolsTest */ = {
			isa = PBXFileSystemSynchronizedRootGroup;
			path = AOCToolsTest;
			sourceTree = "<group>";
		};
		49C19B0E2CD63B120063CFCA /* Day21 */ = {
			isa = PBXFileSystemSynchronizedRootGroup;
			path = Day21;
			sourceTree = "<group>";
		};
		49CC383F2CD7A54E00482D01 /* Day3 */ = {
			isa = PBXFileSystemSynchronizedRootGroup;
			path = Day3;
			sourceTree = "<group>";
		};
		49CC38542CD8037000482D01 /* Day10 */ = {
			isa = PBXFileSystemSynchronizedRootGroup;
			path = Day10;
			sourceTree = "<group>";
		};
/* End PBXFileSystemSynchronizedRootGroup section */

/* Begin PBXFrameworksBuildPhase section */
		498ABD3B2CD58E4600C61A33 /* Frameworks */ = {
			isa = PBXFrameworksBuildPhase;
			buildActionMask = 2147483647;
			files = (
			);
			runOnlyForDeploymentPostprocessing = 0;
		};
		498ABD472CD58E7800C61A33 /* Frameworks */ = {
			isa = PBXFrameworksBuildPhase;
			buildActionMask = 2147483647;
			files = (
				498ABD522CD58E8D00C61A33 /* libAOCTools.dylib in Frameworks */,
			);
			runOnlyForDeploymentPostprocessing = 0;
		};
		498ABD6C2CD62B5500C61A33 /* Frameworks */ = {
			isa = PBXFrameworksBuildPhase;
			buildActionMask = 2147483647;
			files = (
				498ABD732CD62B5500C61A33 /* libAOCTools.dylib in Frameworks */,
			);
			runOnlyForDeploymentPostprocessing = 0;
		};
		49C19B0A2CD63B120063CFCA /* Frameworks */ = {
			isa = PBXFrameworksBuildPhase;
			buildActionMask = 2147483647;
			files = (
				49C19B1A2CD68E160063CFCA /* libAOCTools.dylib in Frameworks */,
			);
			runOnlyForDeploymentPostprocessing = 0;
		};
		49CC383B2CD7A54E00482D01 /* Frameworks */ = {
			isa = PBXFrameworksBuildPhase;
			buildActionMask = 2147483647;
			files = (
				49CC38482CD7A5CC00482D01 /* libAOCTools.dylib in Frameworks */,
			);
			runOnlyForDeploymentPostprocessing = 0;
		};
		49CC38502CD8037000482D01 /* Frameworks */ = {
			isa = PBXFrameworksBuildPhase;
			buildActionMask = 2147483647;
			files = (
				49CC385A2CD8038100482D01 /* libAOCTools.dylib in Frameworks */,
			);
			runOnlyForDeploymentPostprocessing = 0;
		};
/* End PBXFrameworksBuildPhase section */

/* Begin PBXGroup section */
		498ABD262CD58DD200C61A33 = {
			isa = PBXGroup;
			children = (
				498ABD3E2CD58E4600C61A33 /* AOCTools */,
				498ABD702CD62B5500C61A33 /* AOCToolsTest */,
				498ABD4B2CD58E7800C61A33 /* Day1 */,
				49CC383F2CD7A54E00482D01 /* Day3 */,
				49CC38542CD8037000482D01 /* Day10 */,
				49C19B0E2CD63B120063CFCA /* Day21 */,
				498ABD512CD58E8D00C61A33 /* Frameworks */,
				498ABD302CD58DD300C61A33 /* Products */,
			);
			sourceTree = "<group>";
		};
		498ABD302CD58DD300C61A33 /* Products */ = {
			isa = PBXGroup;
			children = (
				498ABD3D2CD58E4600C61A33 /* libAOCTools.dylib */,
				498ABD4A2CD58E7800C61A33 /* Day1 */,
				498ABD6F2CD62B5500C61A33 /* AOCToolsTest.xctest */,
				49C19B0D2CD63B120063CFCA /* Day21 */,
				49CC383E2CD7A54E00482D01 /* Day3 */,
				49CC38532CD8037000482D01 /* Day10 */,
			);
			name = Products;
			sourceTree = "<group>";
		};
		498ABD512CD58E8D00C61A33 /* Frameworks */ = {
			isa = PBXGroup;
			children = (
			);
			name = Frameworks;
			sourceTree = "<group>";
		};
/* End PBXGroup section */

/* Begin PBXHeadersBuildPhase section */
		498ABD392CD58E4600C61A33 /* Headers */ = {
			isa = PBXHeadersBuildPhase;
			buildActionMask = 2147483647;
			files = (
			);
			runOnlyForDeploymentPostprocessing = 0;
		};
/* End PBXHeadersBuildPhase section */

/* Begin PBXNativeTarget section */
		498ABD3C2CD58E4600C61A33 /* AOCTools */ = {
			isa = PBXNativeTarget;
			buildConfigurationList = 498ABD432CD58E4600C61A33 /* Build configuration list for PBXNativeTarget "AOCTools" */;
			buildPhases = (
				498ABD392CD58E4600C61A33 /* Headers */,
				498ABD3A2CD58E4600C61A33 /* Sources */,
				498ABD3B2CD58E4600C61A33 /* Frameworks */,
			);
			buildRules = (
			);
			dependencies = (
			);
			fileSystemSynchronizedGroups = (
				498ABD3E2CD58E4600C61A33 /* AOCTools */,
			);
			name = AOCTools;
			packageProductDependencies = (
			);
			productName = AOCTools;
			productReference = 498ABD3D2CD58E4600C61A33 /* libAOCTools.dylib */;
			productType = "com.apple.product-type.library.dynamic";
		};
		498ABD492CD58E7800C61A33 /* Day1 */ = {
			isa = PBXNativeTarget;
			buildConfigurationList = 498ABD4E2CD58E7800C61A33 /* Build configuration list for PBXNativeTarget "Day1" */;
			buildPhases = (
				498ABD462CD58E7800C61A33 /* Sources */,
				498ABD472CD58E7800C61A33 /* Frameworks */,
				498ABD482CD58E7800C61A33 /* CopyFiles */,
			);
			buildRules = (
			);
			dependencies = (
			);
			fileSystemSynchronizedGroups = (
				498ABD4B2CD58E7800C61A33 /* Day1 */,
			);
			name = Day1;
			packageProductDependencies = (
			);
			productName = Day1;
			productReference = 498ABD4A2CD58E7800C61A33 /* Day1 */;
			productType = "com.apple.product-type.tool";
		};
		498ABD6E2CD62B5500C61A33 /* AOCToolsTest */ = {
			isa = PBXNativeTarget;
			buildConfigurationList = 498ABD762CD62B5500C61A33 /* Build configuration list for PBXNativeTarget "AOCToolsTest" */;
			buildPhases = (
				498ABD6B2CD62B5500C61A33 /* Sources */,
				498ABD6C2CD62B5500C61A33 /* Frameworks */,
				498ABD6D2CD62B5500C61A33 /* Resources */,
			);
			buildRules = (
			);
			dependencies = (
				498ABD752CD62B5500C61A33 /* PBXTargetDependency */,
			);
			fileSystemSynchronizedGroups = (
				498ABD702CD62B5500C61A33 /* AOCToolsTest */,
			);
			name = AOCToolsTest;
			packageProductDependencies = (
			);
			productName = AOCToolsTest;
			productReference = 498ABD6F2CD62B5500C61A33 /* AOCToolsTest.xctest */;
			productType = "com.apple.product-type.bundle.unit-test";
		};
		49C19B0C2CD63B120063CFCA /* Day21 */ = {
			isa = PBXNativeTarget;
			buildConfigurationList = 49C19B132CD63B120063CFCA /* Build configuration list for PBXNativeTarget "Day21" */;
			buildPhases = (
				49C19B092CD63B120063CFCA /* Sources */,
				49C19B0A2CD63B120063CFCA /* Frameworks */,
				49C19B0B2CD63B120063CFCA /* CopyFiles */,
			);
			buildRules = (
			);
			dependencies = (
			);
			fileSystemSynchronizedGroups = (
				49C19B0E2CD63B120063CFCA /* Day21 */,
			);
			name = Day21;
			packageProductDependencies = (
			);
			productName = Day21;
			productReference = 49C19B0D2CD63B120063CFCA /* Day21 */;
			productType = "com.apple.product-type.tool";
		};
		49CC383D2CD7A54E00482D01 /* Day3 */ = {
			isa = PBXNativeTarget;
			buildConfigurationList = 49CC38442CD7A54E00482D01 /* Build configuration list for PBXNativeTarget "Day3" */;
			buildPhases = (
				49CC383A2CD7A54E00482D01 /* Sources */,
				49CC383B2CD7A54E00482D01 /* Frameworks */,
				49CC383C2CD7A54E00482D01 /* CopyFiles */,
			);
			buildRules = (
			);
			dependencies = (
			);
			fileSystemSynchronizedGroups = (
				49CC383F2CD7A54E00482D01 /* Day3 */,
			);
			name = Day3;
			packageProductDependencies = (
			);
			productName = Day3;
			productReference = 49CC383E2CD7A54E00482D01 /* Day3 */;
			productType = "com.apple.product-type.tool";
		};
		49CC38522CD8037000482D01 /* Day10 */ = {
			isa = PBXNativeTarget;
			buildConfigurationList = 49CC38572CD8037000482D01 /* Build configuration list for PBXNativeTarget "Day10" */;
			buildPhases = (
				49CC384F2CD8037000482D01 /* Sources */,
				49CC38502CD8037000482D01 /* Frameworks */,
				49CC38512CD8037000482D01 /* CopyFiles */,
			);
			buildRules = (
			);
			dependencies = (
			);
			fileSystemSynchronizedGroups = (
				49CC38542CD8037000482D01 /* Day10 */,
			);
			name = Day10;
			packageProductDependencies = (
			);
			productName = Day10;
			productReference = 49CC38532CD8037000482D01 /* Day10 */;
			productType = "com.apple.product-type.tool";
		};
/* End PBXNativeTarget section */

/* Begin PBXProject section */
		498ABD272CD58DD200C61A33 /* Project object */ = {
			isa = PBXProject;
			attributes = {
				BuildIndependentTargetsInParallel = 1;
				LastSwiftUpdateCheck = 1610;
				LastUpgradeCheck = 1610;
				TargetAttributes = {
					498ABD3C2CD58E4600C61A33 = {
						CreatedOnToolsVersion = 16.1;
						LastSwiftMigration = 1610;
					};
					498ABD492CD58E7800C61A33 = {
						CreatedOnToolsVersion = 16.1;
					};
					498ABD6E2CD62B5500C61A33 = {
						CreatedOnToolsVersion = 16.1;
					};
					49C19B0C2CD63B120063CFCA = {
						CreatedOnToolsVersion = 16.1;
					};
					49CC383D2CD7A54E00482D01 = {
						CreatedOnToolsVersion = 16.1;
					};
					49CC38522CD8037000482D01 = {
						CreatedOnToolsVersion = 16.1;
					};
				};
			};
			buildConfigurationList = 498ABD2A2CD58DD200C61A33 /* Build configuration list for PBXProject "AdventOfCode2024" */;
			developmentRegion = en;
			hasScannedForEncodings = 0;
			knownRegions = (
				en,
				Base,
			);
			mainGroup = 498ABD262CD58DD200C61A33;
			minimizedProjectReferenceProxies = 1;
			preferredProjectObjectVersion = 77;
			productRefGroup = 498ABD302CD58DD300C61A33 /* Products */;
			projectDirPath = "";
			projectRoot = "";
			targets = (
				498ABD3C2CD58E4600C61A33 /* AOCTools */,
				498ABD6E2CD62B5500C61A33 /* AOCToolsTest */,
				498ABD492CD58E7800C61A33 /* Day1 */,
				49CC383D2CD7A54E00482D01 /* Day3 */,
				49CC38522CD8037000482D01 /* Day10 */,
				49C19B0C2CD63B120063CFCA /* Day21 */,
			);
		};
/* End PBXProject section */

/* Begin PBXResourcesBuildPhase section */
		498ABD6D2CD62B5500C61A33 /* Resources */ = {
			isa = PBXResourcesBuildPhase;
			buildActionMask = 2147483647;
			files = (
			);
			runOnlyForDeploymentPostprocessing = 0;
		};
/* End PBXResourcesBuildPhase section */

/* Begin PBXSourcesBuildPhase section */
		498ABD3A2CD58E4600C61A33 /* Sources */ = {
			isa = PBXSourcesBuildPhase;
			buildActionMask = 2147483647;
			files = (
			);
			runOnlyForDeploymentPostprocessing = 0;
		};
		498ABD462CD58E7800C61A33 /* Sources */ = {
			isa = PBXSourcesBuildPhase;
			buildActionMask = 2147483647;
			files = (
			);
			runOnlyForDeploymentPostprocessing = 0;
		};
		498ABD6B2CD62B5500C61A33 /* Sources */ = {
			isa = PBXSourcesBuildPhase;
			buildActionMask = 2147483647;
			files = (
			);
			runOnlyForDeploymentPostprocessing = 0;
		};
		49C19B092CD63B120063CFCA /* Sources */ = {
			isa = PBXSourcesBuildPhase;
			buildActionMask = 2147483647;
			files = (
			);
			runOnlyForDeploymentPostprocessing = 0;
		};
		49CC383A2CD7A54E00482D01 /* Sources */ = {
			isa = PBXSourcesBuildPhase;
			buildActionMask = 2147483647;
			files = (
			);
			runOnlyForDeploymentPostprocessing = 0;
		};
		49CC384F2CD8037000482D01 /* Sources */ = {
			isa = PBXSourcesBuildPhase;
			buildActionMask = 2147483647;
			files = (
			);
			runOnlyForDeploymentPostprocessing = 0;
		};
/* End PBXSourcesBuildPhase section */

/* Begin PBXTargetDependency section */
		498ABD752CD62B5500C61A33 /* PBXTargetDependency */ = {
			isa = PBXTargetDependency;
			target = 498ABD3C2CD58E4600C61A33 /* AOCTools */;
			targetProxy = 498ABD742CD62B5500C61A33 /* PBXContainerItemProxy */;
		};
/* End PBXTargetDependency section */

/* Begin XCBuildConfiguration section */
		498ABD342CD58DD300C61A33 /* Debug */ = {
			isa = XCBuildConfiguration;
			buildSettings = {
				ALWAYS_SEARCH_USER_PATHS = NO;
				ASSETCATALOG_COMPILER_GENERATE_SWIFT_ASSET_SYMBOL_EXTENSIONS = YES;
				CLANG_ANALYZER_NONNULL = YES;
				CLANG_ANALYZER_NUMBER_OBJECT_CONVERSION = YES_AGGRESSIVE;
				CLANG_CXX_LANGUAGE_STANDARD = "gnu++20";
				CLANG_ENABLE_MODULES = YES;
				CLANG_ENABLE_OBJC_ARC = YES;
				CLANG_ENABLE_OBJC_WEAK = YES;
				CLANG_WARN_BLOCK_CAPTURE_AUTORELEASING = YES;
				CLANG_WARN_BOOL_CONVERSION = YES;
				CLANG_WARN_COMMA = YES;
				CLANG_WARN_CONSTANT_CONVERSION = YES;
				CLANG_WARN_DEPRECATED_OBJC_IMPLEMENTATIONS = YES;
				CLANG_WARN_DIRECT_OBJC_ISA_USAGE = YES_ERROR;
				CLANG_WARN_DOCUMENTATION_COMMENTS = YES;
				CLANG_WARN_EMPTY_BODY = YES;
				CLANG_WARN_ENUM_CONVERSION = YES;
				CLANG_WARN_INFINITE_RECURSION = YES;
				CLANG_WARN_INT_CONVERSION = YES;
				CLANG_WARN_NON_LITERAL_NULL_CONVERSION = YES;
				CLANG_WARN_OBJC_IMPLICIT_RETAIN_SELF = YES;
				CLANG_WARN_OBJC_LITERAL_CONVERSION = YES;
				CLANG_WARN_OBJC_ROOT_CLASS = YES_ERROR;
				CLANG_WARN_QUOTED_INCLUDE_IN_FRAMEWORK_HEADER = YES;
				CLANG_WARN_RANGE_LOOP_ANALYSIS = YES;
				CLANG_WARN_STRICT_PROTOTYPES = YES;
				CLANG_WARN_SUSPICIOUS_MOVE = YES;
				CLANG_WARN_UNGUARDED_AVAILABILITY = YES_AGGRESSIVE;
				CLANG_WARN_UNREACHABLE_CODE = YES;
				CLANG_WARN__DUPLICATE_METHOD_MATCH = YES;
				COPY_PHASE_STRIP = NO;
				DEBUG_INFORMATION_FORMAT = dwarf;
				ENABLE_STRICT_OBJC_MSGSEND = YES;
				ENABLE_TESTABILITY = YES;
				ENABLE_USER_SCRIPT_SANDBOXING = YES;
				GCC_C_LANGUAGE_STANDARD = gnu17;
				GCC_DYNAMIC_NO_PIC = NO;
				GCC_NO_COMMON_BLOCKS = YES;
				GCC_OPTIMIZATION_LEVEL = 0;
				GCC_PREPROCESSOR_DEFINITIONS = (
					"DEBUG=1",
					"$(inherited)",
				);
				GCC_WARN_64_TO_32_BIT_CONVERSION = YES;
				GCC_WARN_ABOUT_RETURN_TYPE = YES_ERROR;
				GCC_WARN_UNDECLARED_SELECTOR = YES;
				GCC_WARN_UNINITIALIZED_AUTOS = YES_AGGRESSIVE;
				GCC_WARN_UNUSED_FUNCTION = YES;
				GCC_WARN_UNUSED_VARIABLE = YES;
				LOCALIZATION_PREFERS_STRING_CATALOGS = YES;
				MACOSX_DEPLOYMENT_TARGET = 15.0;
				MTL_ENABLE_DEBUG_INFO = INCLUDE_SOURCE;
				MTL_FAST_MATH = YES;
				ONLY_ACTIVE_ARCH = YES;
				OTHER_LDFLAGS = (
					"-sectcreate",
					__TEXT,
					aocinput,
					"$(SRCROOT)/$(PRODUCT_NAME)/input.txt",
					"-sectcreate",
					__TEXT,
					aocsample1,
					"$(SRCROOT)/$(PRODUCT_NAME)/sample1.txt",
					"-sectcreate",
					__TEXT,
					aocsample2,
					"$(SRCROOT)/$(PRODUCT_NAME)/sample2.txt",
				);
				SDKROOT = macosx;
				SWIFT_ACTIVE_COMPILATION_CONDITIONS = "DEBUG $(inherited)";
				SWIFT_OPTIMIZATION_LEVEL = "-Onone";
				SWIFT_VERSION = 6.0;
			};
			name = Debug;
		};
		498ABD352CD58DD300C61A33 /* Release */ = {
			isa = XCBuildConfiguration;
			buildSettings = {
				ALWAYS_SEARCH_USER_PATHS = NO;
				ASSETCATALOG_COMPILER_GENERATE_SWIFT_ASSET_SYMBOL_EXTENSIONS = YES;
				CLANG_ANALYZER_NONNULL = YES;
				CLANG_ANALYZER_NUMBER_OBJECT_CONVERSION = YES_AGGRESSIVE;
				CLANG_CXX_LANGUAGE_STANDARD = "gnu++20";
				CLANG_ENABLE_MODULES = YES;
				CLANG_ENABLE_OBJC_ARC = YES;
				CLANG_ENABLE_OBJC_WEAK = YES;
				CLANG_WARN_BLOCK_CAPTURE_AUTORELEASING = YES;
				CLANG_WARN_BOOL_CONVERSION = YES;
				CLANG_WARN_COMMA = YES;
				CLANG_WARN_CONSTANT_CONVERSION = YES;
				CLANG_WARN_DEPRECATED_OBJC_IMPLEMENTATIONS = YES;
				CLANG_WARN_DIRECT_OBJC_ISA_USAGE = YES_ERROR;
				CLANG_WARN_DOCUMENTATION_COMMENTS = YES;
				CLANG_WARN_EMPTY_BODY = YES;
				CLANG_WARN_ENUM_CONVERSION = YES;
				CLANG_WARN_INFINITE_RECURSION = YES;
				CLANG_WARN_INT_CONVERSION = YES;
				CLANG_WARN_NON_LITERAL_NULL_CONVERSION = YES;
				CLANG_WARN_OBJC_IMPLICIT_RETAIN_SELF = YES;
				CLANG_WARN_OBJC_LITERAL_CONVERSION = YES;
				CLANG_WARN_OBJC_ROOT_CLASS = YES_ERROR;
				CLANG_WARN_QUOTED_INCLUDE_IN_FRAMEWORK_HEADER = YES;
				CLANG_WARN_RANGE_LOOP_ANALYSIS = YES;
				CLANG_WARN_STRICT_PROTOTYPES = YES;
				CLANG_WARN_SUSPICIOUS_MOVE = YES;
				CLANG_WARN_UNGUARDED_AVAILABILITY = YES_AGGRESSIVE;
				CLANG_WARN_UNREACHABLE_CODE = YES;
				CLANG_WARN__DUPLICATE_METHOD_MATCH = YES;
				COPY_PHASE_STRIP = NO;
				DEBUG_INFORMATION_FORMAT = "dwarf-with-dsym";
				ENABLE_NS_ASSERTIONS = NO;
				ENABLE_STRICT_OBJC_MSGSEND = YES;
				ENABLE_USER_SCRIPT_SANDBOXING = YES;
				GCC_C_LANGUAGE_STANDARD = gnu17;
				GCC_NO_COMMON_BLOCKS = YES;
				GCC_WARN_64_TO_32_BIT_CONVERSION = YES;
				GCC_WARN_ABOUT_RETURN_TYPE = YES_ERROR;
				GCC_WARN_UNDECLARED_SELECTOR = YES;
				GCC_WARN_UNINITIALIZED_AUTOS = YES_AGGRESSIVE;
				GCC_WARN_UNUSED_FUNCTION = YES;
				GCC_WARN_UNUSED_VARIABLE = YES;
				LOCALIZATION_PREFERS_STRING_CATALOGS = YES;
				MACOSX_DEPLOYMENT_TARGET = 15.0;
				MTL_ENABLE_DEBUG_INFO = NO;
				MTL_FAST_MATH = YES;
				OTHER_LDFLAGS = (
					"-sectcreate",
					__TEXT,
					aocinput,
					"$(SRCROOT)/$(PRODUCT_NAME)/input.txt",
					"-sectcreate",
					__TEXT,
					aocsample1,
					"$(SRCROOT)/$(PRODUCT_NAME)/sample1.txt",
					"-sectcreate",
					__TEXT,
					aocsample2,
					"$(SRCROOT)/$(PRODUCT_NAME)/sample2.txt",
				);
				SDKROOT = macosx;
				SWIFT_COMPILATION_MODE = wholemodule;
				SWIFT_VERSION = 6.0;
			};
			name = Release;
		};
		498ABD442CD58E4600C61A33 /* Debug */ = {
			isa = XCBuildConfiguration;
			buildSettings = {
				CLANG_ENABLE_MODULES = YES;
				CODE_SIGN_STYLE = Automatic;
				DYLIB_COMPATIBILITY_VERSION = 1;
				DYLIB_CURRENT_VERSION = 1;
				EXECUTABLE_PREFIX = lib;
				MACH_O_TYPE = staticlib;
				OTHER_LDFLAGS = "";
				PRODUCT_NAME = "$(TARGET_NAME)";
				SKIP_INSTALL = YES;
				SWIFT_OPTIMIZATION_LEVEL = "-Onone";
				SWIFT_VERSION = 6.0;
			};
			name = Debug;
		};
		498ABD452CD58E4600C61A33 /* Release */ = {
			isa = XCBuildConfiguration;
			buildSettings = {
				CLANG_ENABLE_MODULES = YES;
				CODE_SIGN_STYLE = Automatic;
				DYLIB_COMPATIBILITY_VERSION = 1;
				DYLIB_CURRENT_VERSION = 1;
				EXECUTABLE_PREFIX = lib;
				MACH_O_TYPE = staticlib;
				OTHER_LDFLAGS = "";
				PRODUCT_NAME = "$(TARGET_NAME)";
				SKIP_INSTALL = YES;
				SWIFT_VERSION = 6.0;
			};
			name = Release;
		};
		498ABD4F2CD58E7800C61A33 /* Debug */ = {
			isa = XCBuildConfiguration;
			buildSettings = {
				CODE_SIGN_STYLE = Automatic;
				PRODUCT_NAME = "$(TARGET_NAME)";
				SWIFT_VERSION = 5.0;
			};
			name = Debug;
		};
		498ABD502CD58E7800C61A33 /* Release */ = {
			isa = XCBuildConfiguration;
			buildSettings = {
				CODE_SIGN_STYLE = Automatic;
				PRODUCT_NAME = "$(TARGET_NAME)";
				SWIFT_VERSION = 5.0;
			};
			name = Release;
		};
		498ABD772CD62B5500C61A33 /* Debug */ = {
			isa = XCBuildConfiguration;
			buildSettings = {
				CODE_SIGN_STYLE = Automatic;
				CURRENT_PROJECT_VERSION = 1;
				GENERATE_INFOPLIST_FILE = YES;
				MARKETING_VERSION = 1.0;
				OTHER_LDFLAGS = "";
				PRODUCT_BUNDLE_IDENTIFIER = net.darkdust.aoc2024.AOCToolsTest;
				PRODUCT_NAME = "$(TARGET_NAME)";
				SWIFT_EMIT_LOC_STRINGS = NO;
				SWIFT_VERSION = 5.0;
			};
			name = Debug;
		};
		498ABD782CD62B5500C61A33 /* Release */ = {
			isa = XCBuildConfiguration;
			buildSettings = {
				CODE_SIGN_STYLE = Automatic;
				CURRENT_PROJECT_VERSION = 1;
				GENERATE_INFOPLIST_FILE = YES;
				MARKETING_VERSION = 1.0;
				OTHER_LDFLAGS = "";
				PRODUCT_BUNDLE_IDENTIFIER = net.darkdust.aoc2024.AOCToolsTest;
				PRODUCT_NAME = "$(TARGET_NAME)";
				SWIFT_EMIT_LOC_STRINGS = NO;
				SWIFT_VERSION = 5.0;
			};
			name = Release;
		};
		49C19B112CD63B120063CFCA /* Debug */ = {
			isa = XCBuildConfiguration;
			buildSettings = {
				CODE_SIGN_STYLE = Automatic;
				PRODUCT_NAME = "$(TARGET_NAME)";
				SWIFT_VERSION = 5.0;
			};
			name = Debug;
		};
		49C19B122CD63B120063CFCA /* Release */ = {
			isa = XCBuildConfiguration;
			buildSettings = {
				CODE_SIGN_STYLE = Automatic;
				PRODUCT_NAME = "$(TARGET_NAME)";
				SWIFT_VERSION = 5.0;
			};
			name = Release;
		};
		49CC38422CD7A54E00482D01 /* Debug */ = {
			isa = XCBuildConfiguration;
			buildSettings = {
				CODE_SIGN_STYLE = Automatic;
				PRODUCT_NAME = "$(TARGET_NAME)";
				SWIFT_VERSION = 5.0;
			};
			name = Debug;
		};
		49CC38432CD7A54E00482D01 /* Release */ = {
			isa = XCBuildConfiguration;
			buildSettings = {
				CODE_SIGN_STYLE = Automatic;
				PRODUCT_NAME = "$(TARGET_NAME)";
				SWIFT_VERSION = 5.0;
			};
			name = Release;
		};
		49CC38582CD8037000482D01 /* Debug */ = {
			isa = XCBuildConfiguration;
			buildSettings = {
				CODE_SIGN_STYLE = Automatic;
				PRODUCT_NAME = "$(TARGET_NAME)";
				SWIFT_VERSION = 5.0;
			};
			name = Debug;
		};
		49CC38592CD8037000482D01 /* Release */ = {
			isa = XCBuildConfiguration;
			buildSettings = {
				CODE_SIGN_STYLE = Automatic;
				PRODUCT_NAME = "$(TARGET_NAME)";
				SWIFT_VERSION = 5.0;
			};
			name = Release;
		};
/* End XCBuildConfiguration section */

/* Begin XCConfigurationList section */
		498ABD2A2CD58DD200C61A33 /* Build configuration list for PBXProject "AdventOfCode2024" */ = {
			isa = XCConfigurationList;
			buildConfigurations = (
				498ABD342CD58DD300C61A33 /* Debug */,
				498ABD352CD58DD300C61A33 /* Release */,
			);
			defaultConfigurationIsVisible = 0;
			defaultConfigurationName = Release;
		};
		498ABD432CD58E4600C61A33 /* Build configuration list for PBXNativeTarget "AOCTools" */ = {
			isa = XCConfigurationList;
			buildConfigurations = (
				498ABD442CD58E4600C61A33 /* Debug */,
				498ABD452CD58E4600C61A33 /* Release */,
			);
			defaultConfigurationIsVisible = 0;
			defaultConfigurationName = Release;
		};
		498ABD4E2CD58E7800C61A33 /* Build configuration list for PBXNativeTarget "Day1" */ = {
			isa = XCConfigurationList;
			buildConfigurations = (
				498ABD4F2CD58E7800C61A33 /* Debug */,
				498ABD502CD58E7800C61A33 /* Release */,
			);
			defaultConfigurationIsVisible = 0;
			defaultConfigurationName = Release;
		};
		498ABD762CD62B5500C61A33 /* Build configuration list for PBXNativeTarget "AOCToolsTest" */ = {
			isa = XCConfigurationList;
			buildConfigurations = (
				498ABD772CD62B5500C61A33 /* Debug */,
				498ABD782CD62B5500C61A33 /* Release */,
			);
			defaultConfigurationIsVisible = 0;
			defaultConfigurationName = Release;
		};
		49C19B132CD63B120063CFCA /* Build configuration list for PBXNativeTarget "Day21" */ = {
			isa = XCConfigurationList;
			buildConfigurations = (
				49C19B112CD63B120063CFCA /* Debug */,
				49C19B122CD63B120063CFCA /* Release */,
			);
			defaultConfigurationIsVisible = 0;
			defaultConfigurationName = Release;
		};
		49CC38442CD7A54E00482D01 /* Build configuration list for PBXNativeTarget "Day3" */ = {
			isa = XCConfigurationList;
			buildConfigurations = (
				49CC38422CD7A54E00482D01 /* Debug */,
				49CC38432CD7A54E00482D01 /* Release */,
			);
			defaultConfigurationIsVisible = 0;
			defaultConfigurationName = Release;
		};
		49CC38572CD8037000482D01 /* Build configuration list for PBXNativeTarget "Day10" */ = {
			isa = XCConfigurationList;
			buildConfigurations = (
				49CC38582CD8037000482D01 /* Debug */,
				49CC38592CD8037000482D01 /* Release */,
			);
			defaultConfigurationIsVisible = 0;
			defaultConfigurationName = Release;
		};
/* End XCConfigurationList section */
	};
	rootObject = 498ABD272CD58DD200C61A33 /* Project object */;
}
