// !$*UTF8*$!
{
	archiveVersion = 1;
	classes = {
	};
	objectVersion = 77;
	objects = {

/* Begin PBXBuildFile section */
		4923478C2CFC4E5300BFC91B /* libAOCTools.dylib in Frameworks */ = {isa = PBXBuildFile; fileRef = 498ABD3D2CD58E4600C61A33 /* libAOCTools.dylib */; };
		493287CC2CF1D78400A8F68D /* HeapModule in Frameworks */ = {isa = PBXBuildFile; productRef = 49BA0E2F2CD95FB60054100F /* HeapModule */; };
		493287CD2CF1D78400A8F68D /* OrderedCollections in Frameworks */ = {isa = PBXBuildFile; productRef = 49F38D862CDA955E00E14138 /* OrderedCollections */; };
		493287CE2CF1D78400A8F68D /* DequeModule in Frameworks */ = {isa = PBXBuildFile; productRef = 497AAD922CDAAB0B0083F914 /* DequeModule */; };
		493287CF2CF1D78400A8F68D /* Collections in Frameworks */ = {isa = PBXBuildFile; productRef = 497AADC82CDC04270083F914 /* Collections */; };
		49562B662D0CA9AF00A0AFED /* libAOCTools.dylib in Frameworks */ = {isa = PBXBuildFile; fileRef = 498ABD3D2CD58E4600C61A33 /* libAOCTools.dylib */; };
		49562B6D2D0CC53400A0AFED /* Algorithms in Frameworks */ = {isa = PBXBuildFile; productRef = 49562B6C2D0CC53400A0AFED /* Algorithms */; };
		49562BED2D0D635300A0AFED /* libAOCTools.dylib in Frameworks */ = {isa = PBXBuildFile; fileRef = 498ABD3D2CD58E4600C61A33 /* libAOCTools.dylib */; };
		49562D652D0EDB9B00A0AFED /* libAOCTools.dylib in Frameworks */ = {isa = PBXBuildFile; fileRef = 498ABD3D2CD58E4600C61A33 /* libAOCTools.dylib */; };
		49562D782D10A18400A0AFED /* libAOCTools.dylib in Frameworks */ = {isa = PBXBuildFile; fileRef = 498ABD3D2CD58E4600C61A33 /* libAOCTools.dylib */; };
		49562D8D2D14254D00A0AFED /* libAOCTools.dylib in Frameworks */ = {isa = PBXBuildFile; fileRef = 498ABD3D2CD58E4600C61A33 /* libAOCTools.dylib */; };
		49562D9D2D14915B00A0AFED /* libAOCTools.dylib in Frameworks */ = {isa = PBXBuildFile; fileRef = 498ABD3D2CD58E4600C61A33 /* libAOCTools.dylib */; };
		498240DE2D08DA6100B956EA /* libAOCTools.dylib in Frameworks */ = {isa = PBXBuildFile; fileRef = 498ABD3D2CD58E4600C61A33 /* libAOCTools.dylib */; };
		498240EA2D0A066500B956EA /* libAOCTools.dylib in Frameworks */ = {isa = PBXBuildFile; fileRef = 498ABD3D2CD58E4600C61A33 /* libAOCTools.dylib */; };
		498240FB2D0B528300B956EA /* libAOCTools.dylib in Frameworks */ = {isa = PBXBuildFile; fileRef = 498ABD3D2CD58E4600C61A33 /* libAOCTools.dylib */; };
		498ABD732CD62B5500C61A33 /* libAOCTools.dylib in Frameworks */ = {isa = PBXBuildFile; fileRef = 498ABD3D2CD58E4600C61A33 /* libAOCTools.dylib */; };
		49E172CE2D00C446001AD7B0 /* libAOCTools.dylib in Frameworks */ = {isa = PBXBuildFile; fileRef = 498ABD3D2CD58E4600C61A33 /* libAOCTools.dylib */; };
		49E172E12D0220A9001AD7B0 /* libAOCTools.dylib in Frameworks */ = {isa = PBXBuildFile; fileRef = 498ABD3D2CD58E4600C61A33 /* libAOCTools.dylib */; };
		49E172E82D022466001AD7B0 /* Algorithms in Frameworks */ = {isa = PBXBuildFile; productRef = 49E172E72D022466001AD7B0 /* Algorithms */; };
		49E172F42D0371EB001AD7B0 /* libAOCTools.dylib in Frameworks */ = {isa = PBXBuildFile; fileRef = 498ABD3D2CD58E4600C61A33 /* libAOCTools.dylib */; };
		49E173002D04306C001AD7B0 /* libAOCTools.dylib in Frameworks */ = {isa = PBXBuildFile; fileRef = 498ABD3D2CD58E4600C61A33 /* libAOCTools.dylib */; };
		49E173152D05741F001AD7B0 /* libAOCTools.dylib in Frameworks */ = {isa = PBXBuildFile; fileRef = 498ABD3D2CD58E4600C61A33 /* libAOCTools.dylib */; };
		49E1731C2D0576B2001AD7B0 /* Algorithms in Frameworks */ = {isa = PBXBuildFile; productRef = 49E1731B2D0576B2001AD7B0 /* Algorithms */; };
		49E173282D076C3F001AD7B0 /* libAOCTools.dylib in Frameworks */ = {isa = PBXBuildFile; fileRef = 498ABD3D2CD58E4600C61A33 /* libAOCTools.dylib */; };
		49FB413B2CFE36AB0056D0C5 /* libAOCTools.dylib in Frameworks */ = {isa = PBXBuildFile; fileRef = 498ABD3D2CD58E4600C61A33 /* libAOCTools.dylib */; };
		49FB413D2CFE36B30056D0C5 /* Algorithms in Frameworks */ = {isa = PBXBuildFile; productRef = 49FB413C2CFE36B30056D0C5 /* Algorithms */; };
		49FB414E2CFF6BD30056D0C5 /* libAOCTools.dylib in Frameworks */ = {isa = PBXBuildFile; fileRef = 498ABD3D2CD58E4600C61A33 /* libAOCTools.dylib */; };
/* End PBXBuildFile section */

/* Begin PBXContainerItemProxy section */
		498ABD742CD62B5500C61A33 /* PBXContainerItemProxy */ = {
			isa = PBXContainerItemProxy;
			containerPortal = 498ABD272CD58DD200C61A33 /* Project object */;
			proxyType = 1;
			remoteGlobalIDString = 498ABD3C2CD58E4600C61A33;
			remoteInfo = AOCTools;
		};
/* End PBXContainerItemProxy section */

/* Begin PBXCopyFilesBuildPhase section */
		492347832CFC4E4700BFC91B /* CopyFiles */ = {
			isa = PBXCopyFilesBuildPhase;
			buildActionMask = 2147483647;
			dstPath = /usr/share/man/man1/;
			dstSubfolderSpec = 0;
			files = (
			);
			runOnlyForDeploymentPostprocessing = 1;
		};
		49562B5D2D0CA99700A0AFED /* CopyFiles */ = {
			isa = PBXCopyFilesBuildPhase;
			buildActionMask = 2147483647;
			dstPath = /usr/share/man/man1/;
			dstSubfolderSpec = 0;
			files = (
			);
			runOnlyForDeploymentPostprocessing = 1;
		};
		49562BE42D0D634E00A0AFED /* CopyFiles */ = {
			isa = PBXCopyFilesBuildPhase;
			buildActionMask = 2147483647;
			dstPath = /usr/share/man/man1/;
			dstSubfolderSpec = 0;
			files = (
			);
			runOnlyForDeploymentPostprocessing = 1;
		};
		49562D5C2D0EDB8600A0AFED /* CopyFiles */ = {
			isa = PBXCopyFilesBuildPhase;
			buildActionMask = 2147483647;
			dstPath = /usr/share/man/man1/;
			dstSubfolderSpec = 0;
			files = (
			);
			runOnlyForDeploymentPostprocessing = 1;
		};
		49562D6F2D10A18000A0AFED /* CopyFiles */ = {
			isa = PBXCopyFilesBuildPhase;
			buildActionMask = 2147483647;
			dstPath = /usr/share/man/man1/;
			dstSubfolderSpec = 0;
			files = (
			);
			runOnlyForDeploymentPostprocessing = 1;
		};
		49562D842D14254800A0AFED /* CopyFiles */ = {
			isa = PBXCopyFilesBuildPhase;
			buildActionMask = 2147483647;
			dstPath = /usr/share/man/man1/;
			dstSubfolderSpec = 0;
			files = (
			);
			runOnlyForDeploymentPostprocessing = 1;
		};
		49562D942D14915500A0AFED /* CopyFiles */ = {
			isa = PBXCopyFilesBuildPhase;
			buildActionMask = 2147483647;
			dstPath = /usr/share/man/man1/;
			dstSubfolderSpec = 0;
			files = (
			);
			runOnlyForDeploymentPostprocessing = 1;
		};
		498240D52D08DA4500B956EA /* CopyFiles */ = {
			isa = PBXCopyFilesBuildPhase;
			buildActionMask = 2147483647;
			dstPath = /usr/share/man/man1/;
			dstSubfolderSpec = 0;
			files = (
			);
			runOnlyForDeploymentPostprocessing = 1;
		};
		498240E12D0A065F00B956EA /* CopyFiles */ = {
			isa = PBXCopyFilesBuildPhase;
			buildActionMask = 2147483647;
			dstPath = /usr/share/man/man1/;
			dstSubfolderSpec = 0;
			files = (
			);
			runOnlyForDeploymentPostprocessing = 1;
		};
		498240F22D0B527A00B956EA /* CopyFiles */ = {
			isa = PBXCopyFilesBuildPhase;
			buildActionMask = 2147483647;
			dstPath = /usr/share/man/man1/;
			dstSubfolderSpec = 0;
			files = (
			);
			runOnlyForDeploymentPostprocessing = 1;
		};
		49E172C52D00C43D001AD7B0 /* CopyFiles */ = {
			isa = PBXCopyFilesBuildPhase;
			buildActionMask = 2147483647;
			dstPath = /usr/share/man/man1/;
			dstSubfolderSpec = 0;
			files = (
			);
			runOnlyForDeploymentPostprocessing = 1;
		};
		49E172D82D0220A3001AD7B0 /* CopyFiles */ = {
			isa = PBXCopyFilesBuildPhase;
			buildActionMask = 2147483647;
			dstPath = /usr/share/man/man1/;
			dstSubfolderSpec = 0;
			files = (
			);
			runOnlyForDeploymentPostprocessing = 1;
		};
		49E172EB2D0371DE001AD7B0 /* CopyFiles */ = {
			isa = PBXCopyFilesBuildPhase;
			buildActionMask = 2147483647;
			dstPath = /usr/share/man/man1/;
			dstSubfolderSpec = 0;
			files = (
			);
			runOnlyForDeploymentPostprocessing = 1;
		};
		49E172F72D043056001AD7B0 /* CopyFiles */ = {
			isa = PBXCopyFilesBuildPhase;
			buildActionMask = 2147483647;
			dstPath = /usr/share/man/man1/;
			dstSubfolderSpec = 0;
			files = (
			);
			runOnlyForDeploymentPostprocessing = 1;
		};
		49E1730C2D05741A001AD7B0 /* CopyFiles */ = {
			isa = PBXCopyFilesBuildPhase;
			buildActionMask = 2147483647;
			dstPath = /usr/share/man/man1/;
			dstSubfolderSpec = 0;
			files = (
			);
			runOnlyForDeploymentPostprocessing = 1;
		};
		49E1731F2D076C39001AD7B0 /* CopyFiles */ = {
			isa = PBXCopyFilesBuildPhase;
			buildActionMask = 2147483647;
			dstPath = /usr/share/man/man1/;
			dstSubfolderSpec = 0;
			files = (
			);
			runOnlyForDeploymentPostprocessing = 1;
		};
		49FB412E2CFE34AE0056D0C5 /* CopyFiles */ = {
			isa = PBXCopyFilesBuildPhase;
			buildActionMask = 2147483647;
			dstPath = /usr/share/man/man1/;
			dstSubfolderSpec = 0;
			files = (
			);
			runOnlyForDeploymentPostprocessing = 1;
		};
		49FB41452CFF6BCB0056D0C5 /* CopyFiles */ = {
			isa = PBXCopyFilesBuildPhase;
			buildActionMask = 2147483647;
			dstPath = /usr/share/man/man1/;
			dstSubfolderSpec = 0;
			files = (
			);
			runOnlyForDeploymentPostprocessing = 1;
		};
/* End PBXCopyFilesBuildPhase section */

/* Begin PBXFileReference section */
		492347852CFC4E4700BFC91B /* Day1 */ = {isa = PBXFileReference; explicitFileType = "compiled.mach-o.executable"; includeInIndex = 0; path = Day1; sourceTree = BUILT_PRODUCTS_DIR; };
		49562B5F2D0CA99700A0AFED /* Day13 */ = {isa = PBXFileReference; explicitFileType = "compiled.mach-o.executable"; includeInIndex = 0; path = Day13; sourceTree = BUILT_PRODUCTS_DIR; };
		49562BE62D0D634E00A0AFED /* Day14 */ = {isa = PBXFileReference; explicitFileType = "compiled.mach-o.executable"; includeInIndex = 0; path = Day14; sourceTree = BUILT_PRODUCTS_DIR; };
		49562D5E2D0EDB8600A0AFED /* Day15 */ = {isa = PBXFileReference; explicitFileType = "compiled.mach-o.executable"; includeInIndex = 0; path = Day15; sourceTree = BUILT_PRODUCTS_DIR; };
		49562D712D10A18000A0AFED /* Day16 */ = {isa = PBXFileReference; explicitFileType = "compiled.mach-o.executable"; includeInIndex = 0; path = Day16; sourceTree = BUILT_PRODUCTS_DIR; };
		49562D862D14254800A0AFED /* Day17 */ = {isa = PBXFileReference; explicitFileType = "compiled.mach-o.executable"; includeInIndex = 0; path = Day17; sourceTree = BUILT_PRODUCTS_DIR; };
		49562D962D14915500A0AFED /* Day18 */ = {isa = PBXFileReference; explicitFileType = "compiled.mach-o.executable"; includeInIndex = 0; path = Day18; sourceTree = BUILT_PRODUCTS_DIR; };
		498240D72D08DA4500B956EA /* Day10 */ = {isa = PBXFileReference; explicitFileType = "compiled.mach-o.executable"; includeInIndex = 0; path = Day10; sourceTree = BUILT_PRODUCTS_DIR; };
		498240E32D0A065F00B956EA /* Day11 */ = {isa = PBXFileReference; explicitFileType = "compiled.mach-o.executable"; includeInIndex = 0; path = Day11; sourceTree = BUILT_PRODUCTS_DIR; };
		498240F42D0B527A00B956EA /* Day12 */ = {isa = PBXFileReference; explicitFileType = "compiled.mach-o.executable"; includeInIndex = 0; path = Day12; sourceTree = BUILT_PRODUCTS_DIR; };
		498ABD3D2CD58E4600C61A33 /* libAOCTools.dylib */ = {isa = PBXFileReference; explicitFileType = "compiled.mach-o.dylib"; includeInIndex = 0; path = libAOCTools.dylib; sourceTree = BUILT_PRODUCTS_DIR; };
		498ABD6F2CD62B5500C61A33 /* AOCToolsTest.xctest */ = {isa = PBXFileReference; explicitFileType = wrapper.cfbundle; includeInIndex = 0; path = AOCToolsTest.xctest; sourceTree = BUILT_PRODUCTS_DIR; };
		49E172C72D00C43D001AD7B0 /* Day4 */ = {isa = PBXFileReference; explicitFileType = "compiled.mach-o.executable"; includeInIndex = 0; path = Day4; sourceTree = BUILT_PRODUCTS_DIR; };
		49E172DA2D0220A3001AD7B0 /* Day5 */ = {isa = PBXFileReference; explicitFileType = "compiled.mach-o.executable"; includeInIndex = 0; path = Day5; sourceTree = BUILT_PRODUCTS_DIR; };
		49E172ED2D0371DE001AD7B0 /* Day6 */ = {isa = PBXFileReference; explicitFileType = "compiled.mach-o.executable"; includeInIndex = 0; path = Day6; sourceTree = BUILT_PRODUCTS_DIR; };
		49E172F92D043056001AD7B0 /* Day7 */ = {isa = PBXFileReference; explicitFileType = "compiled.mach-o.executable"; includeInIndex = 0; path = Day7; sourceTree = BUILT_PRODUCTS_DIR; };
		49E1730E2D05741A001AD7B0 /* Day8 */ = {isa = PBXFileReference; explicitFileType = "compiled.mach-o.executable"; includeInIndex = 0; path = Day8; sourceTree = BUILT_PRODUCTS_DIR; };
		49E173212D076C39001AD7B0 /* Day9 */ = {isa = PBXFileReference; explicitFileType = "compiled.mach-o.executable"; includeInIndex = 0; path = Day9; sourceTree = BUILT_PRODUCTS_DIR; };
		49FB41302CFE34AE0056D0C5 /* Day2 */ = {isa = PBXFileReference; explicitFileType = "compiled.mach-o.executable"; includeInIndex = 0; path = Day2; sourceTree = BUILT_PRODUCTS_DIR; };
		49FB41472CFF6BCB0056D0C5 /* Day3 */ = {isa = PBXFileReference; explicitFileType = "compiled.mach-o.executable"; includeInIndex = 0; path = Day3; sourceTree = BUILT_PRODUCTS_DIR; };
		49FB414F2CFF817D0056D0C5 /* README.md */ = {isa = PBXFileReference; lastKnownFileType = net.daringfireball.markdown; path = README.md; sourceTree = "<group>"; };
/* End PBXFileReference section */

/* Begin PBXFileSystemSynchronizedRootGroup section */
		492347862CFC4E4700BFC91B /* Day1 */ = {
			isa = PBXFileSystemSynchronizedRootGroup;
			path = Day1;
			sourceTree = "<group>";
		};
		49562B602D0CA99700A0AFED /* Day13 */ = {
			isa = PBXFileSystemSynchronizedRootGroup;
			path = Day13;
			sourceTree = "<group>";
		};
		49562BE72D0D634E00A0AFED /* Day14 */ = {
			isa = PBXFileSystemSynchronizedRootGroup;
			path = Day14;
			sourceTree = "<group>";
		};
		49562D5F2D0EDB8600A0AFED /* Day15 */ = {
			isa = PBXFileSystemSynchronizedRootGroup;
			path = Day15;
			sourceTree = "<group>";
		};
		49562D722D10A18000A0AFED /* Day16 */ = {
			isa = PBXFileSystemSynchronizedRootGroup;
			path = Day16;
			sourceTree = "<group>";
		};
		49562D872D14254800A0AFED /* Day17 */ = {
			isa = PBXFileSystemSynchronizedRootGroup;
			path = Day17;
			sourceTree = "<group>";
		};
		49562D972D14915500A0AFED /* Day18 */ = {
			isa = PBXFileSystemSynchronizedRootGroup;
			path = Day18;
			sourceTree = "<group>";
		};
		498240D82D08DA4500B956EA /* Day10 */ = {
			isa = PBXFileSystemSynchronizedRootGroup;
			path = Day10;
			sourceTree = "<group>";
		};
		498240E42D0A065F00B956EA /* Day11 */ = {
			isa = PBXFileSystemSynchronizedRootGroup;
			path = Day11;
			sourceTree = "<group>";
		};
		498240F52D0B527A00B956EA /* Day12 */ = {
			isa = PBXFileSystemSynchronizedRootGroup;
			path = Day12;
			sourceTree = "<group>";
		};
		498ABD3E2CD58E4600C61A33 /* AOCTools */ = {
			isa = PBXFileSystemSynchronizedRootGroup;
			path = AOCTools;
			sourceTree = "<group>";
		};
		498ABD702CD62B5500C61A33 /* AOCToolsTest */ = {
			isa = PBXFileSystemSynchronizedRootGroup;
			path = AOCToolsTest;
			sourceTree = "<group>";
		};
		49E172C82D00C43D001AD7B0 /* Day4 */ = {
			isa = PBXFileSystemSynchronizedRootGroup;
			path = Day4;
			sourceTree = "<group>";
		};
		49E172DB2D0220A3001AD7B0 /* Day5 */ = {
			isa = PBXFileSystemSynchronizedRootGroup;
			path = Day5;
			sourceTree = "<group>";
		};
		49E172EE2D0371DE001AD7B0 /* Day6 */ = {
			isa = PBXFileSystemSynchronizedRootGroup;
			path = Day6;
			sourceTree = "<group>";
		};
		49E172FA2D043056001AD7B0 /* Day7 */ = {
			isa = PBXFileSystemSynchronizedRootGroup;
			path = Day7;
			sourceTree = "<group>";
		};
		49E1730F2D05741A001AD7B0 /* Day8 */ = {
			isa = PBXFileSystemSynchronizedRootGroup;
			path = Day8;
			sourceTree = "<group>";
		};
		49E173222D076C39001AD7B0 /* Day9 */ = {
			isa = PBXFileSystemSynchronizedRootGroup;
			path = Day9;
			sourceTree = "<group>";
		};
		49FB41312CFE34AE0056D0C5 /* Day2 */ = {
			isa = PBXFileSystemSynchronizedRootGroup;
			path = Day2;
			sourceTree = "<group>";
		};
		49FB41482CFF6BCB0056D0C5 /* Day3 */ = {
			isa = PBXFileSystemSynchronizedRootGroup;
			path = Day3;
			sourceTree = "<group>";
		};
/* End PBXFileSystemSynchronizedRootGroup section */

/* Begin PBXFrameworksBuildPhase section */
		492347822CFC4E4700BFC91B /* Frameworks */ = {
			isa = PBXFrameworksBuildPhase;
			buildActionMask = 2147483647;
			files = (
				4923478C2CFC4E5300BFC91B /* libAOCTools.dylib in Frameworks */,
			);
			runOnlyForDeploymentPostprocessing = 0;
		};
		49562B5C2D0CA99700A0AFED /* Frameworks */ = {
			isa = PBXFrameworksBuildPhase;
			buildActionMask = 2147483647;
			files = (
				49562B6D2D0CC53400A0AFED /* Algorithms in Frameworks */,
				49562B662D0CA9AF00A0AFED /* libAOCTools.dylib in Frameworks */,
			);
			runOnlyForDeploymentPostprocessing = 0;
		};
		49562BE32D0D634E00A0AFED /* Frameworks */ = {
			isa = PBXFrameworksBuildPhase;
			buildActionMask = 2147483647;
			files = (
				49562BED2D0D635300A0AFED /* libAOCTools.dylib in Frameworks */,
			);
			runOnlyForDeploymentPostprocessing = 0;
		};
		49562D5B2D0EDB8600A0AFED /* Frameworks */ = {
			isa = PBXFrameworksBuildPhase;
			buildActionMask = 2147483647;
			files = (
				49562D652D0EDB9B00A0AFED /* libAOCTools.dylib in Frameworks */,
			);
			runOnlyForDeploymentPostprocessing = 0;
		};
		49562D6E2D10A18000A0AFED /* Frameworks */ = {
			isa = PBXFrameworksBuildPhase;
			buildActionMask = 2147483647;
			files = (
				49562D782D10A18400A0AFED /* libAOCTools.dylib in Frameworks */,
			);
			runOnlyForDeploymentPostprocessing = 0;
		};
		49562D832D14254800A0AFED /* Frameworks */ = {
			isa = PBXFrameworksBuildPhase;
			buildActionMask = 2147483647;
			files = (
				49562D8D2D14254D00A0AFED /* libAOCTools.dylib in Frameworks */,
			);
			runOnlyForDeploymentPostprocessing = 0;
		};
		49562D932D14915500A0AFED /* Frameworks */ = {
			isa = PBXFrameworksBuildPhase;
			buildActionMask = 2147483647;
			files = (
				49562D9D2D14915B00A0AFED /* libAOCTools.dylib in Frameworks */,
			);
			runOnlyForDeploymentPostprocessing = 0;
		};
		498240D42D08DA4500B956EA /* Frameworks */ = {
			isa = PBXFrameworksBuildPhase;
			buildActionMask = 2147483647;
			files = (
				498240DE2D08DA6100B956EA /* libAOCTools.dylib in Frameworks */,
			);
			runOnlyForDeploymentPostprocessing = 0;
		};
		498240E02D0A065F00B956EA /* Frameworks */ = {
			isa = PBXFrameworksBuildPhase;
			buildActionMask = 2147483647;
			files = (
				498240EA2D0A066500B956EA /* libAOCTools.dylib in Frameworks */,
			);
			runOnlyForDeploymentPostprocessing = 0;
		};
		498240F12D0B527A00B956EA /* Frameworks */ = {
			isa = PBXFrameworksBuildPhase;
			buildActionMask = 2147483647;
			files = (
				498240FB2D0B528300B956EA /* libAOCTools.dylib in Frameworks */,
			);
			runOnlyForDeploymentPostprocessing = 0;
		};
		498ABD3B2CD58E4600C61A33 /* Frameworks */ = {
			isa = PBXFrameworksBuildPhase;
			buildActionMask = 2147483647;
			files = (
				493287CF2CF1D78400A8F68D /* Collections in Frameworks */,
				493287CE2CF1D78400A8F68D /* DequeModule in Frameworks */,
				493287CD2CF1D78400A8F68D /* OrderedCollections in Frameworks */,
				493287CC2CF1D78400A8F68D /* HeapModule in Frameworks */,
			);
			runOnlyForDeploymentPostprocessing = 0;
		};
		498ABD6C2CD62B5500C61A33 /* Frameworks */ = {
			isa = PBXFrameworksBuildPhase;
			buildActionMask = 2147483647;
			files = (
				498ABD732CD62B5500C61A33 /* libAOCTools.dylib in Frameworks */,
			);
			runOnlyForDeploymentPostprocessing = 0;
		};
		49E172C42D00C43D001AD7B0 /* Frameworks */ = {
			isa = PBXFrameworksBuildPhase;
			buildActionMask = 2147483647;
			files = (
				49E172CE2D00C446001AD7B0 /* libAOCTools.dylib in Frameworks */,
			);
			runOnlyForDeploymentPostprocessing = 0;
		};
		49E172D72D0220A3001AD7B0 /* Frameworks */ = {
			isa = PBXFrameworksBuildPhase;
			buildActionMask = 2147483647;
			files = (
				49E172E82D022466001AD7B0 /* Algorithms in Frameworks */,
				49E172E12D0220A9001AD7B0 /* libAOCTools.dylib in Frameworks */,
			);
			runOnlyForDeploymentPostprocessing = 0;
		};
		49E172EA2D0371DE001AD7B0 /* Frameworks */ = {
			isa = PBXFrameworksBuildPhase;
			buildActionMask = 2147483647;
			files = (
				49E172F42D0371EB001AD7B0 /* libAOCTools.dylib in Frameworks */,
			);
			runOnlyForDeploymentPostprocessing = 0;
		};
		49E172F62D043056001AD7B0 /* Frameworks */ = {
			isa = PBXFrameworksBuildPhase;
			buildActionMask = 2147483647;
			files = (
				49E173002D04306C001AD7B0 /* libAOCTools.dylib in Frameworks */,
			);
			runOnlyForDeploymentPostprocessing = 0;
		};
		49E1730B2D05741A001AD7B0 /* Frameworks */ = {
			isa = PBXFrameworksBuildPhase;
			buildActionMask = 2147483647;
			files = (
				49E1731C2D0576B2001AD7B0 /* Algorithms in Frameworks */,
				49E173152D05741F001AD7B0 /* libAOCTools.dylib in Frameworks */,
			);
			runOnlyForDeploymentPostprocessing = 0;
		};
		49E1731E2D076C39001AD7B0 /* Frameworks */ = {
			isa = PBXFrameworksBuildPhase;
			buildActionMask = 2147483647;
			files = (
				49E173282D076C3F001AD7B0 /* libAOCTools.dylib in Frameworks */,
			);
			runOnlyForDeploymentPostprocessing = 0;
		};
		49FB412D2CFE34AE0056D0C5 /* Frameworks */ = {
			isa = PBXFrameworksBuildPhase;
			buildActionMask = 2147483647;
			files = (
				49FB413D2CFE36B30056D0C5 /* Algorithms in Frameworks */,
				49FB413B2CFE36AB0056D0C5 /* libAOCTools.dylib in Frameworks */,
			);
			runOnlyForDeploymentPostprocessing = 0;
		};
		49FB41442CFF6BCB0056D0C5 /* Frameworks */ = {
			isa = PBXFrameworksBuildPhase;
			buildActionMask = 2147483647;
			files = (
				49FB414E2CFF6BD30056D0C5 /* libAOCTools.dylib in Frameworks */,
			);
			runOnlyForDeploymentPostprocessing = 0;
		};
/* End PBXFrameworksBuildPhase section */

/* Begin PBXGroup section */
		498ABD262CD58DD200C61A33 = {
			isa = PBXGroup;
			children = (
				49FB414F2CFF817D0056D0C5 /* README.md */,
				498ABD3E2CD58E4600C61A33 /* AOCTools */,
				498ABD702CD62B5500C61A33 /* AOCToolsTest */,
				492347862CFC4E4700BFC91B /* Day1 */,
				49FB41312CFE34AE0056D0C5 /* Day2 */,
				49FB41482CFF6BCB0056D0C5 /* Day3 */,
				49E172C82D00C43D001AD7B0 /* Day4 */,
				49E172DB2D0220A3001AD7B0 /* Day5 */,
				49E172EE2D0371DE001AD7B0 /* Day6 */,
				49E172FA2D043056001AD7B0 /* Day7 */,
				49E1730F2D05741A001AD7B0 /* Day8 */,
				49E173222D076C39001AD7B0 /* Day9 */,
				498240D82D08DA4500B956EA /* Day10 */,
				498240E42D0A065F00B956EA /* Day11 */,
				498240F52D0B527A00B956EA /* Day12 */,
				49562B602D0CA99700A0AFED /* Day13 */,
				49562BE72D0D634E00A0AFED /* Day14 */,
				49562D5F2D0EDB8600A0AFED /* Day15 */,
				49562D722D10A18000A0AFED /* Day16 */,
				49562D872D14254800A0AFED /* Day17 */,
				49562D972D14915500A0AFED /* Day18 */,
				498ABD512CD58E8D00C61A33 /* Frameworks */,
				498ABD302CD58DD300C61A33 /* Products */,
			);
			sourceTree = "<group>";
		};
		498ABD302CD58DD300C61A33 /* Products */ = {
			isa = PBXGroup;
			children = (
				498ABD3D2CD58E4600C61A33 /* libAOCTools.dylib */,
				498ABD6F2CD62B5500C61A33 /* AOCToolsTest.xctest */,
				492347852CFC4E4700BFC91B /* Day1 */,
				49FB41302CFE34AE0056D0C5 /* Day2 */,
				49FB41472CFF6BCB0056D0C5 /* Day3 */,
				49E172C72D00C43D001AD7B0 /* Day4 */,
				49E172DA2D0220A3001AD7B0 /* Day5 */,
				49E172ED2D0371DE001AD7B0 /* Day6 */,
				49E172F92D043056001AD7B0 /* Day7 */,
				49E1730E2D05741A001AD7B0 /* Day8 */,
				49E173212D076C39001AD7B0 /* Day9 */,
				498240D72D08DA4500B956EA /* Day10 */,
				498240E32D0A065F00B956EA /* Day11 */,
				498240F42D0B527A00B956EA /* Day12 */,
				49562B5F2D0CA99700A0AFED /* Day13 */,
				49562BE62D0D634E00A0AFED /* Day14 */,
				49562D5E2D0EDB8600A0AFED /* Day15 */,
				49562D712D10A18000A0AFED /* Day16 */,
				49562D862D14254800A0AFED /* Day17 */,
				49562D962D14915500A0AFED /* Day18 */,
			);
			name = Products;
			sourceTree = "<group>";
		};
		498ABD512CD58E8D00C61A33 /* Frameworks */ = {
			isa = PBXGroup;
			children = (
			);
			name = Frameworks;
			sourceTree = "<group>";
		};
/* End PBXGroup section */

/* Begin PBXHeadersBuildPhase section */
		498ABD392CD58E4600C61A33 /* Headers */ = {
			isa = PBXHeadersBuildPhase;
			buildActionMask = 2147483647;
			files = (
			);
			runOnlyForDeploymentPostprocessing = 0;
		};
/* End PBXHeadersBuildPhase section */

/* Begin PBXNativeTarget section */
		492347842CFC4E4700BFC91B /* Day1 */ = {
			isa = PBXNativeTarget;
			buildConfigurationList = 4923478B2CFC4E4700BFC91B /* Build configuration list for PBXNativeTarget "Day1" */;
			buildPhases = (
				492347812CFC4E4700BFC91B /* Sources */,
				492347822CFC4E4700BFC91B /* Frameworks */,
				492347832CFC4E4700BFC91B /* CopyFiles */,
			);
			buildRules = (
			);
			dependencies = (
			);
			fileSystemSynchronizedGroups = (
				492347862CFC4E4700BFC91B /* Day1 */,
			);
			name = Day1;
			packageProductDependencies = (
			);
			productName = Day1;
			productReference = 492347852CFC4E4700BFC91B /* Day1 */;
			productType = "com.apple.product-type.tool";
		};
		49562B5E2D0CA99700A0AFED /* Day13 */ = {
			isa = PBXNativeTarget;
			buildConfigurationList = 49562B652D0CA99700A0AFED /* Build configuration list for PBXNativeTarget "Day13" */;
			buildPhases = (
				49562B5B2D0CA99700A0AFED /* Sources */,
				49562B5C2D0CA99700A0AFED /* Frameworks */,
				49562B5D2D0CA99700A0AFED /* CopyFiles */,
			);
			buildRules = (
			);
			dependencies = (
			);
			fileSystemSynchronizedGroups = (
				49562B602D0CA99700A0AFED /* Day13 */,
			);
			name = Day13;
			packageProductDependencies = (
				49562B6C2D0CC53400A0AFED /* Algorithms */,
			);
			productName = Day13;
			productReference = 49562B5F2D0CA99700A0AFED /* Day13 */;
			productType = "com.apple.product-type.tool";
		};
		49562BE52D0D634E00A0AFED /* Day14 */ = {
			isa = PBXNativeTarget;
			buildConfigurationList = 49562BEC2D0D634E00A0AFED /* Build configuration list for PBXNativeTarget "Day14" */;
			buildPhases = (
				49562BE22D0D634E00A0AFED /* Sources */,
				49562BE32D0D634E00A0AFED /* Frameworks */,
				49562BE42D0D634E00A0AFED /* CopyFiles */,
			);
			buildRules = (
			);
			dependencies = (
			);
			fileSystemSynchronizedGroups = (
				49562BE72D0D634E00A0AFED /* Day14 */,
			);
			name = Day14;
			packageProductDependencies = (
			);
			productName = Day14;
			productReference = 49562BE62D0D634E00A0AFED /* Day14 */;
			productType = "com.apple.product-type.tool";
		};
		49562D5D2D0EDB8600A0AFED /* Day15 */ = {
			isa = PBXNativeTarget;
			buildConfigurationList = 49562D642D0EDB8600A0AFED /* Build configuration list for PBXNativeTarget "Day15" */;
			buildPhases = (
				49562D5A2D0EDB8600A0AFED /* Sources */,
				49562D5B2D0EDB8600A0AFED /* Frameworks */,
				49562D5C2D0EDB8600A0AFED /* CopyFiles */,
			);
			buildRules = (
			);
			dependencies = (
			);
			fileSystemSynchronizedGroups = (
				49562D5F2D0EDB8600A0AFED /* Day15 */,
			);
			name = Day15;
			packageProductDependencies = (
			);
			productName = Day15;
			productReference = 49562D5E2D0EDB8600A0AFED /* Day15 */;
			productType = "com.apple.product-type.tool";
		};
		49562D702D10A18000A0AFED /* Day16 */ = {
			isa = PBXNativeTarget;
			buildConfigurationList = 49562D752D10A18000A0AFED /* Build configuration list for PBXNativeTarget "Day16" */;
			buildPhases = (
				49562D6D2D10A18000A0AFED /* Sources */,
				49562D6E2D10A18000A0AFED /* Frameworks */,
				49562D6F2D10A18000A0AFED /* CopyFiles */,
			);
			buildRules = (
			);
			dependencies = (
			);
			fileSystemSynchronizedGroups = (
				49562D722D10A18000A0AFED /* Day16 */,
			);
			name = Day16;
			packageProductDependencies = (
			);
			productName = Day16;
			productReference = 49562D712D10A18000A0AFED /* Day16 */;
			productType = "com.apple.product-type.tool";
		};
		49562D852D14254800A0AFED /* Day17 */ = {
			isa = PBXNativeTarget;
			buildConfigurationList = 49562D8A2D14254800A0AFED /* Build configuration list for PBXNativeTarget "Day17" */;
			buildPhases = (
				49562D822D14254800A0AFED /* Sources */,
				49562D832D14254800A0AFED /* Frameworks */,
				49562D842D14254800A0AFED /* CopyFiles */,
			);
			buildRules = (
			);
			dependencies = (
			);
			fileSystemSynchronizedGroups = (
				49562D872D14254800A0AFED /* Day17 */,
			);
			name = Day17;
			packageProductDependencies = (
			);
			productName = Day17;
			productReference = 49562D862D14254800A0AFED /* Day17 */;
			productType = "com.apple.product-type.tool";
		};
		49562D952D14915500A0AFED /* Day18 */ = {
			isa = PBXNativeTarget;
			buildConfigurationList = 49562D9A2D14915500A0AFED /* Build configuration list for PBXNativeTarget "Day18" */;
			buildPhases = (
				49562D922D14915500A0AFED /* Sources */,
				49562D932D14915500A0AFED /* Frameworks */,
				49562D942D14915500A0AFED /* CopyFiles */,
			);
			buildRules = (
			);
			dependencies = (
			);
			fileSystemSynchronizedGroups = (
				49562D972D14915500A0AFED /* Day18 */,
			);
			name = Day18;
			packageProductDependencies = (
			);
			productName = Day18;
			productReference = 49562D962D14915500A0AFED /* Day18 */;
			productType = "com.apple.product-type.tool";
		};
		498240D62D08DA4500B956EA /* Day10 */ = {
			isa = PBXNativeTarget;
			buildConfigurationList = 498240DD2D08DA4500B956EA /* Build configuration list for PBXNativeTarget "Day10" */;
			buildPhases = (
				498240D32D08DA4500B956EA /* Sources */,
				498240D42D08DA4500B956EA /* Frameworks */,
				498240D52D08DA4500B956EA /* CopyFiles */,
			);
			buildRules = (
			);
			dependencies = (
			);
			fileSystemSynchronizedGroups = (
				498240D82D08DA4500B956EA /* Day10 */,
			);
			name = Day10;
			packageProductDependencies = (
			);
			productName = Day10;
			productReference = 498240D72D08DA4500B956EA /* Day10 */;
			productType = "com.apple.product-type.tool";
		};
		498240E22D0A065F00B956EA /* Day11 */ = {
			isa = PBXNativeTarget;
			buildConfigurationList = 498240E72D0A065F00B956EA /* Build configuration list for PBXNativeTarget "Day11" */;
			buildPhases = (
				498240DF2D0A065F00B956EA /* Sources */,
				498240E02D0A065F00B956EA /* Frameworks */,
				498240E12D0A065F00B956EA /* CopyFiles */,
			);
			buildRules = (
			);
			dependencies = (
			);
			fileSystemSynchronizedGroups = (
				498240E42D0A065F00B956EA /* Day11 */,
			);
			name = Day11;
			packageProductDependencies = (
			);
			productName = Day11;
			productReference = 498240E32D0A065F00B956EA /* Day11 */;
			productType = "com.apple.product-type.tool";
		};
		498240F32D0B527A00B956EA /* Day12 */ = {
			isa = PBXNativeTarget;
			buildConfigurationList = 498240F82D0B527A00B956EA /* Build configuration list for PBXNativeTarget "Day12" */;
			buildPhases = (
				498240F02D0B527A00B956EA /* Sources */,
				498240F12D0B527A00B956EA /* Frameworks */,
				498240F22D0B527A00B956EA /* CopyFiles */,
			);
			buildRules = (
			);
			dependencies = (
			);
			fileSystemSynchronizedGroups = (
				498240F52D0B527A00B956EA /* Day12 */,
			);
			name = Day12;
			packageProductDependencies = (
			);
			productName = Day12;
			productReference = 498240F42D0B527A00B956EA /* Day12 */;
			productType = "com.apple.product-type.tool";
		};
		498ABD3C2CD58E4600C61A33 /* AOCTools */ = {
			isa = PBXNativeTarget;
			buildConfigurationList = 498ABD432CD58E4600C61A33 /* Build configuration list for PBXNativeTarget "AOCTools" */;
			buildPhases = (
				498ABD392CD58E4600C61A33 /* Headers */,
				498ABD3A2CD58E4600C61A33 /* Sources */,
				498ABD3B2CD58E4600C61A33 /* Frameworks */,
			);
			buildRules = (
			);
			dependencies = (
			);
			fileSystemSynchronizedGroups = (
				498ABD3E2CD58E4600C61A33 /* AOCTools */,
			);
			name = AOCTools;
			packageProductDependencies = (
				49BA0E2F2CD95FB60054100F /* HeapModule */,
				49F38D862CDA955E00E14138 /* OrderedCollections */,
				497AAD922CDAAB0B0083F914 /* DequeModule */,
				497AADC82CDC04270083F914 /* Collections */,
			);
			productName = AOCTools;
			productReference = 498ABD3D2CD58E4600C61A33 /* libAOCTools.dylib */;
			productType = "com.apple.product-type.library.dynamic";
		};
		498ABD6E2CD62B5500C61A33 /* AOCToolsTest */ = {
			isa = PBXNativeTarget;
			buildConfigurationList = 498ABD762CD62B5500C61A33 /* Build configuration list for PBXNativeTarget "AOCToolsTest" */;
			buildPhases = (
				498ABD6B2CD62B5500C61A33 /* Sources */,
				498ABD6C2CD62B5500C61A33 /* Frameworks */,
				498ABD6D2CD62B5500C61A33 /* Resources */,
			);
			buildRules = (
			);
			dependencies = (
				498ABD752CD62B5500C61A33 /* PBXTargetDependency */,
			);
			fileSystemSynchronizedGroups = (
				498ABD702CD62B5500C61A33 /* AOCToolsTest */,
			);
			name = AOCToolsTest;
			packageProductDependencies = (
			);
			productName = AOCToolsTest;
			productReference = 498ABD6F2CD62B5500C61A33 /* AOCToolsTest.xctest */;
			productType = "com.apple.product-type.bundle.unit-test";
		};
		49E172C62D00C43D001AD7B0 /* Day4 */ = {
			isa = PBXNativeTarget;
			buildConfigurationList = 49E172CD2D00C43D001AD7B0 /* Build configuration list for PBXNativeTarget "Day4" */;
			buildPhases = (
				49E172C32D00C43D001AD7B0 /* Sources */,
				49E172C42D00C43D001AD7B0 /* Frameworks */,
				49E172C52D00C43D001AD7B0 /* CopyFiles */,
			);
			buildRules = (
			);
			dependencies = (
			);
			fileSystemSynchronizedGroups = (
				49E172C82D00C43D001AD7B0 /* Day4 */,
			);
			name = Day4;
			packageProductDependencies = (
			);
			productName = Day4;
			productReference = 49E172C72D00C43D001AD7B0 /* Day4 */;
			productType = "com.apple.product-type.tool";
		};
		49E172D92D0220A3001AD7B0 /* Day5 */ = {
			isa = PBXNativeTarget;
			buildConfigurationList = 49E172DE2D0220A3001AD7B0 /* Build configuration list for PBXNativeTarget "Day5" */;
			buildPhases = (
				49E172D62D0220A3001AD7B0 /* Sources */,
				49E172D72D0220A3001AD7B0 /* Frameworks */,
				49E172D82D0220A3001AD7B0 /* CopyFiles */,
			);
			buildRules = (
			);
			dependencies = (
			);
			fileSystemSynchronizedGroups = (
				49E172DB2D0220A3001AD7B0 /* Day5 */,
			);
			name = Day5;
			packageProductDependencies = (
				49E172E72D022466001AD7B0 /* Algorithms */,
			);
			productName = Day5;
			productReference = 49E172DA2D0220A3001AD7B0 /* Day5 */;
			productType = "com.apple.product-type.tool";
		};
		49E172EC2D0371DE001AD7B0 /* Day6 */ = {
			isa = PBXNativeTarget;
			buildConfigurationList = 49E172F12D0371DE001AD7B0 /* Build configuration list for PBXNativeTarget "Day6" */;
			buildPhases = (
				49E172E92D0371DE001AD7B0 /* Sources */,
				49E172EA2D0371DE001AD7B0 /* Frameworks */,
				49E172EB2D0371DE001AD7B0 /* CopyFiles */,
			);
			buildRules = (
			);
			dependencies = (
			);
			fileSystemSynchronizedGroups = (
				49E172EE2D0371DE001AD7B0 /* Day6 */,
			);
			name = Day6;
			packageProductDependencies = (
			);
			productName = Day6;
			productReference = 49E172ED2D0371DE001AD7B0 /* Day6 */;
			productType = "com.apple.product-type.tool";
		};
		49E172F82D043056001AD7B0 /* Day7 */ = {
			isa = PBXNativeTarget;
			buildConfigurationList = 49E172FD2D043056001AD7B0 /* Build configuration list for PBXNativeTarget "Day7" */;
			buildPhases = (
				49E172F52D043056001AD7B0 /* Sources */,
				49E172F62D043056001AD7B0 /* Frameworks */,
				49E172F72D043056001AD7B0 /* CopyFiles */,
			);
			buildRules = (
			);
			dependencies = (
			);
			fileSystemSynchronizedGroups = (
				49E172FA2D043056001AD7B0 /* Day7 */,
			);
			name = Day7;
			packageProductDependencies = (
			);
			productName = Day7;
			productReference = 49E172F92D043056001AD7B0 /* Day7 */;
			productType = "com.apple.product-type.tool";
		};
		49E1730D2D05741A001AD7B0 /* Day8 */ = {
			isa = PBXNativeTarget;
			buildConfigurationList = 49E173122D05741A001AD7B0 /* Build configuration list for PBXNativeTarget "Day8" */;
			buildPhases = (
				49E1730A2D05741A001AD7B0 /* Sources */,
				49E1730B2D05741A001AD7B0 /* Frameworks */,
				49E1730C2D05741A001AD7B0 /* CopyFiles */,
			);
			buildRules = (
			);
			dependencies = (
			);
			fileSystemSynchronizedGroups = (
				49E1730F2D05741A001AD7B0 /* Day8 */,
			);
			name = Day8;
			packageProductDependencies = (
				49E1731B2D0576B2001AD7B0 /* Algorithms */,
			);
			productName = Day8;
			productReference = 49E1730E2D05741A001AD7B0 /* Day8 */;
			productType = "com.apple.product-type.tool";
		};
		49E173202D076C39001AD7B0 /* Day9 */ = {
			isa = PBXNativeTarget;
			buildConfigurationList = 49E173252D076C39001AD7B0 /* Build configuration list for PBXNativeTarget "Day9" */;
			buildPhases = (
				49E1731D2D076C39001AD7B0 /* Sources */,
				49E1731E2D076C39001AD7B0 /* Frameworks */,
				49E1731F2D076C39001AD7B0 /* CopyFiles */,
			);
			buildRules = (
			);
			dependencies = (
			);
			fileSystemSynchronizedGroups = (
				49E173222D076C39001AD7B0 /* Day9 */,
			);
			name = Day9;
			packageProductDependencies = (
			);
			productName = Day9;
			productReference = 49E173212D076C39001AD7B0 /* Day9 */;
			productType = "com.apple.product-type.tool";
		};
		49FB412F2CFE34AE0056D0C5 /* Day2 */ = {
			isa = PBXNativeTarget;
			buildConfigurationList = 49FB41362CFE34AE0056D0C5 /* Build configuration list for PBXNativeTarget "Day2" */;
			buildPhases = (
				49FB412C2CFE34AE0056D0C5 /* Sources */,
				49FB412D2CFE34AE0056D0C5 /* Frameworks */,
				49FB412E2CFE34AE0056D0C5 /* CopyFiles */,
			);
			buildRules = (
			);
			dependencies = (
			);
			fileSystemSynchronizedGroups = (
				49FB41312CFE34AE0056D0C5 /* Day2 */,
			);
			name = Day2;
			packageProductDependencies = (
				49FB413C2CFE36B30056D0C5 /* Algorithms */,
			);
			productName = Day2;
			productReference = 49FB41302CFE34AE0056D0C5 /* Day2 */;
			productType = "com.apple.product-type.tool";
		};
		49FB41462CFF6BCB0056D0C5 /* Day3 */ = {
			isa = PBXNativeTarget;
			buildConfigurationList = 49FB414B2CFF6BCB0056D0C5 /* Build configuration list for PBXNativeTarget "Day3" */;
			buildPhases = (
				49FB41432CFF6BCB0056D0C5 /* Sources */,
				49FB41442CFF6BCB0056D0C5 /* Frameworks */,
				49FB41452CFF6BCB0056D0C5 /* CopyFiles */,
			);
			buildRules = (
			);
			dependencies = (
			);
			fileSystemSynchronizedGroups = (
				49FB41482CFF6BCB0056D0C5 /* Day3 */,
			);
			name = Day3;
			packageProductDependencies = (
			);
			productName = Day3;
			productReference = 49FB41472CFF6BCB0056D0C5 /* Day3 */;
			productType = "com.apple.product-type.tool";
		};
/* End PBXNativeTarget section */

/* Begin PBXProject section */
		498ABD272CD58DD200C61A33 /* Project object */ = {
			isa = PBXProject;
			attributes = {
				BuildIndependentTargetsInParallel = 1;
				LastSwiftUpdateCheck = 1620;
				LastUpgradeCheck = 1610;
				TargetAttributes = {
					492347842CFC4E4700BFC91B = {
						CreatedOnToolsVersion = 16.1;
					};
					49562B5E2D0CA99700A0AFED = {
						CreatedOnToolsVersion = 16.2;
					};
					49562BE52D0D634E00A0AFED = {
						CreatedOnToolsVersion = 16.2;
					};
					49562D5D2D0EDB8600A0AFED = {
						CreatedOnToolsVersion = 16.2;
					};
					49562D702D10A18000A0AFED = {
						CreatedOnToolsVersion = 16.2;
					};
					49562D852D14254800A0AFED = {
						CreatedOnToolsVersion = 16.2;
					};
					49562D952D14915500A0AFED = {
						CreatedOnToolsVersion = 16.2;
					};
					498240D62D08DA4500B956EA = {
						CreatedOnToolsVersion = 16.1;
					};
					498240E22D0A065F00B956EA = {
						CreatedOnToolsVersion = 16.1;
					};
					498240F32D0B527A00B956EA = {
						CreatedOnToolsVersion = 16.1;
					};
					498ABD3C2CD58E4600C61A33 = {
						CreatedOnToolsVersion = 16.1;
						LastSwiftMigration = 1610;
					};
					498ABD6E2CD62B5500C61A33 = {
						CreatedOnToolsVersion = 16.1;
					};
					49E172C62D00C43D001AD7B0 = {
						CreatedOnToolsVersion = 16.1;
					};
					49E172D92D0220A3001AD7B0 = {
						CreatedOnToolsVersion = 16.1;
					};
					49E172EC2D0371DE001AD7B0 = {
						CreatedOnToolsVersion = 16.1;
					};
					49E172F82D043056001AD7B0 = {
						CreatedOnToolsVersion = 16.1;
					};
					49E1730D2D05741A001AD7B0 = {
						CreatedOnToolsVersion = 16.1;
					};
					49E173202D076C39001AD7B0 = {
						CreatedOnToolsVersion = 16.1;
					};
					49FB412F2CFE34AE0056D0C5 = {
						CreatedOnToolsVersion = 16.1;
					};
					49FB41462CFF6BCB0056D0C5 = {
						CreatedOnToolsVersion = 16.1;
					};
				};
			};
			buildConfigurationList = 498ABD2A2CD58DD200C61A33 /* Build configuration list for PBXProject "AdventOfCode2024" */;
			developmentRegion = en;
			hasScannedForEncodings = 0;
			knownRegions = (
				en,
				Base,
			);
			mainGroup = 498ABD262CD58DD200C61A33;
			minimizedProjectReferenceProxies = 1;
			packageReferences = (
				49CC387C2CD95ED000482D01 /* XCRemoteSwiftPackageReference "swift-collections" */,
				4999274A2CE0D46100505E3F /* XCRemoteSwiftPackageReference "swift-algorithms" */,
			);
			preferredProjectObjectVersion = 77;
			productRefGroup = 498ABD302CD58DD300C61A33 /* Products */;
			projectDirPath = "";
			projectRoot = "";
			targets = (
				498ABD3C2CD58E4600C61A33 /* AOCTools */,
				498ABD6E2CD62B5500C61A33 /* AOCToolsTest */,
				492347842CFC4E4700BFC91B /* Day1 */,
				49FB412F2CFE34AE0056D0C5 /* Day2 */,
				49FB41462CFF6BCB0056D0C5 /* Day3 */,
				49E172C62D00C43D001AD7B0 /* Day4 */,
				49E172D92D0220A3001AD7B0 /* Day5 */,
				49E172EC2D0371DE001AD7B0 /* Day6 */,
				49E172F82D043056001AD7B0 /* Day7 */,
				49E1730D2D05741A001AD7B0 /* Day8 */,
				49E173202D076C39001AD7B0 /* Day9 */,
				498240D62D08DA4500B956EA /* Day10 */,
				498240E22D0A065F00B956EA /* Day11 */,
				498240F32D0B527A00B956EA /* Day12 */,
				49562B5E2D0CA99700A0AFED /* Day13 */,
				49562BE52D0D634E00A0AFED /* Day14 */,
				49562D5D2D0EDB8600A0AFED /* Day15 */,
				49562D702D10A18000A0AFED /* Day16 */,
				49562D852D14254800A0AFED /* Day17 */,
				49562D952D14915500A0AFED /* Day18 */,
			);
		};
/* End PBXProject section */

/* Begin PBXResourcesBuildPhase section */
		498ABD6D2CD62B5500C61A33 /* Resources */ = {
			isa = PBXResourcesBuildPhase;
			buildActionMask = 2147483647;
			files = (
			);
			runOnlyForDeploymentPostprocessing = 0;
		};
/* End PBXResourcesBuildPhase section */

/* Begin PBXSourcesBuildPhase section */
		492347812CFC4E4700BFC91B /* Sources */ = {
			isa = PBXSourcesBuildPhase;
			buildActionMask = 2147483647;
			files = (
			);
			runOnlyForDeploymentPostprocessing = 0;
		};
		49562B5B2D0CA99700A0AFED /* Sources */ = {
			isa = PBXSourcesBuildPhase;
			buildActionMask = 2147483647;
			files = (
			);
			runOnlyForDeploymentPostprocessing = 0;
		};
		49562BE22D0D634E00A0AFED /* Sources */ = {
			isa = PBXSourcesBuildPhase;
			buildActionMask = 2147483647;
			files = (
			);
			runOnlyForDeploymentPostprocessing = 0;
		};
		49562D5A2D0EDB8600A0AFED /* Sources */ = {
			isa = PBXSourcesBuildPhase;
			buildActionMask = 2147483647;
			files = (
			);
			runOnlyForDeploymentPostprocessing = 0;
		};
		49562D6D2D10A18000A0AFED /* Sources */ = {
			isa = PBXSourcesBuildPhase;
			buildActionMask = 2147483647;
			files = (
			);
			runOnlyForDeploymentPostprocessing = 0;
		};
		49562D822D14254800A0AFED /* Sources */ = {
			isa = PBXSourcesBuildPhase;
			buildActionMask = 2147483647;
			files = (
			);
			runOnlyForDeploymentPostprocessing = 0;
		};
		49562D922D14915500A0AFED /* Sources */ = {
			isa = PBXSourcesBuildPhase;
			buildActionMask = 2147483647;
			files = (
			);
			runOnlyForDeploymentPostprocessing = 0;
		};
		498240D32D08DA4500B956EA /* Sources */ = {
			isa = PBXSourcesBuildPhase;
			buildActionMask = 2147483647;
			files = (
			);
			runOnlyForDeploymentPostprocessing = 0;
		};
		498240DF2D0A065F00B956EA /* Sources */ = {
			isa = PBXSourcesBuildPhase;
			buildActionMask = 2147483647;
			files = (
			);
			runOnlyForDeploymentPostprocessing = 0;
		};
		498240F02D0B527A00B956EA /* Sources */ = {
			isa = PBXSourcesBuildPhase;
			buildActionMask = 2147483647;
			files = (
			);
			runOnlyForDeploymentPostprocessing = 0;
		};
		498ABD3A2CD58E4600C61A33 /* Sources */ = {
			isa = PBXSourcesBuildPhase;
			buildActionMask = 2147483647;
			files = (
			);
			runOnlyForDeploymentPostprocessing = 0;
		};
		498ABD6B2CD62B5500C61A33 /* Sources */ = {
			isa = PBXSourcesBuildPhase;
			buildActionMask = 2147483647;
			files = (
			);
			runOnlyForDeploymentPostprocessing = 0;
		};
		49E172C32D00C43D001AD7B0 /* Sources */ = {
			isa = PBXSourcesBuildPhase;
			buildActionMask = 2147483647;
			files = (
			);
			runOnlyForDeploymentPostprocessing = 0;
		};
		49E172D62D0220A3001AD7B0 /* Sources */ = {
			isa = PBXSourcesBuildPhase;
			buildActionMask = 2147483647;
			files = (
			);
			runOnlyForDeploymentPostprocessing = 0;
		};
		49E172E92D0371DE001AD7B0 /* Sources */ = {
			isa = PBXSourcesBuildPhase;
			buildActionMask = 2147483647;
			files = (
			);
			runOnlyForDeploymentPostprocessing = 0;
		};
		49E172F52D043056001AD7B0 /* Sources */ = {
			isa = PBXSourcesBuildPhase;
			buildActionMask = 2147483647;
			files = (
			);
			runOnlyForDeploymentPostprocessing = 0;
		};
		49E1730A2D05741A001AD7B0 /* Sources */ = {
			isa = PBXSourcesBuildPhase;
			buildActionMask = 2147483647;
			files = (
			);
			runOnlyForDeploymentPostprocessing = 0;
		};
		49E1731D2D076C39001AD7B0 /* Sources */ = {
			isa = PBXSourcesBuildPhase;
			buildActionMask = 2147483647;
			files = (
			);
			runOnlyForDeploymentPostprocessing = 0;
		};
		49FB412C2CFE34AE0056D0C5 /* Sources */ = {
			isa = PBXSourcesBuildPhase;
			buildActionMask = 2147483647;
			files = (
			);
			runOnlyForDeploymentPostprocessing = 0;
		};
		49FB41432CFF6BCB0056D0C5 /* Sources */ = {
			isa = PBXSourcesBuildPhase;
			buildActionMask = 2147483647;
			files = (
			);
			runOnlyForDeploymentPostprocessing = 0;
		};
/* End PBXSourcesBuildPhase section */

/* Begin PBXTargetDependency section */
		498ABD752CD62B5500C61A33 /* PBXTargetDependency */ = {
			isa = PBXTargetDependency;
			target = 498ABD3C2CD58E4600C61A33 /* AOCTools */;
			targetProxy = 498ABD742CD62B5500C61A33 /* PBXContainerItemProxy */;
		};
/* End PBXTargetDependency section */

/* Begin XCBuildConfiguration section */
		492347892CFC4E4700BFC91B /* Debug */ = {
			isa = XCBuildConfiguration;
			buildSettings = {
				PRODUCT_NAME = "$(TARGET_NAME)";
			};
			name = Debug;
		};
		4923478A2CFC4E4700BFC91B /* Release */ = {
			isa = XCBuildConfiguration;
			buildSettings = {
				PRODUCT_NAME = "$(TARGET_NAME)";
			};
			name = Release;
		};
		49562B632D0CA99700A0AFED /* Debug */ = {
			isa = XCBuildConfiguration;
			buildSettings = {
				PRODUCT_NAME = "$(TARGET_NAME)";
			};
			name = Debug;
		};
		49562B642D0CA99700A0AFED /* Release */ = {
			isa = XCBuildConfiguration;
			buildSettings = {
				PRODUCT_NAME = "$(TARGET_NAME)";
			};
			name = Release;
		};
		49562BEA2D0D634E00A0AFED /* Debug */ = {
			isa = XCBuildConfiguration;
			buildSettings = {
				PRODUCT_NAME = "$(TARGET_NAME)";
			};
			name = Debug;
		};
		49562BEB2D0D634E00A0AFED /* Release */ = {
			isa = XCBuildConfiguration;
			buildSettings = {
				PRODUCT_NAME = "$(TARGET_NAME)";
			};
			name = Release;
		};
		49562D622D0EDB8600A0AFED /* Debug */ = {
			isa = XCBuildConfiguration;
			buildSettings = {
				PRODUCT_NAME = "$(TARGET_NAME)";
			};
			name = Debug;
		};
		49562D632D0EDB8600A0AFED /* Release */ = {
			isa = XCBuildConfiguration;
			buildSettings = {
				PRODUCT_NAME = "$(TARGET_NAME)";
			};
			name = Release;
		};
		49562D762D10A18000A0AFED /* Debug */ = {
			isa = XCBuildConfiguration;
			buildSettings = {
				PRODUCT_NAME = "$(TARGET_NAME)";
			};
			name = Debug;
		};
		49562D772D10A18000A0AFED /* Release */ = {
			isa = XCBuildConfiguration;
			buildSettings = {
				PRODUCT_NAME = "$(TARGET_NAME)";
			};
			name = Release;
		};
		49562D8B2D14254800A0AFED /* Debug */ = {
			isa = XCBuildConfiguration;
			buildSettings = {
				PRODUCT_NAME = "$(TARGET_NAME)";
			};
			name = Debug;
		};
		49562D8C2D14254800A0AFED /* Release */ = {
			isa = XCBuildConfiguration;
			buildSettings = {
				PRODUCT_NAME = "$(TARGET_NAME)";
			};
			name = Release;
		};
		49562D9B2D14915500A0AFED /* Debug */ = {
			isa = XCBuildConfiguration;
			buildSettings = {
				PRODUCT_NAME = "$(TARGET_NAME)";
			};
			name = Debug;
		};
		49562D9C2D14915500A0AFED /* Release */ = {
			isa = XCBuildConfiguration;
			buildSettings = {
				PRODUCT_NAME = "$(TARGET_NAME)";
			};
			name = Release;
		};
		498240DB2D08DA4500B956EA /* Debug */ = {
			isa = XCBuildConfiguration;
			buildSettings = {
				PRODUCT_NAME = "$(TARGET_NAME)";
			};
			name = Debug;
		};
		498240DC2D08DA4500B956EA /* Release */ = {
			isa = XCBuildConfiguration;
			buildSettings = {
				PRODUCT_NAME = "$(TARGET_NAME)";
			};
			name = Release;
		};
		498240E82D0A065F00B956EA /* Debug */ = {
			isa = XCBuildConfiguration;
			buildSettings = {
				CODE_SIGN_STYLE = Automatic;
				MACOSX_DEPLOYMENT_TARGET = 15.1;
				PRODUCT_NAME = "$(TARGET_NAME)";
				SWIFT_VERSION = 5.0;
			};
			name = Debug;
		};
		498240E92D0A065F00B956EA /* Release */ = {
			isa = XCBuildConfiguration;
			buildSettings = {
				CODE_SIGN_STYLE = Automatic;
				MACOSX_DEPLOYMENT_TARGET = 15.1;
				PRODUCT_NAME = "$(TARGET_NAME)";
				SWIFT_VERSION = 5.0;
			};
			name = Release;
		};
		498240F92D0B527A00B956EA /* Debug */ = {
			isa = XCBuildConfiguration;
			buildSettings = {
				PRODUCT_NAME = "$(TARGET_NAME)";
			};
			name = Debug;
		};
		498240FA2D0B527A00B956EA /* Release */ = {
			isa = XCBuildConfiguration;
			buildSettings = {
				PRODUCT_NAME = "$(TARGET_NAME)";
			};
			name = Release;
		};
		498ABD342CD58DD300C61A33 /* Debug */ = {
			isa = XCBuildConfiguration;
			buildSettings = {
				ALWAYS_SEARCH_USER_PATHS = NO;
				ASSETCATALOG_COMPILER_GENERATE_SWIFT_ASSET_SYMBOL_EXTENSIONS = YES;
				CLANG_ANALYZER_NONNULL = YES;
				CLANG_ANALYZER_NUMBER_OBJECT_CONVERSION = YES_AGGRESSIVE;
				CLANG_CXX_LANGUAGE_STANDARD = "gnu++20";
				CLANG_ENABLE_MODULES = YES;
				CLANG_ENABLE_OBJC_ARC = YES;
				CLANG_ENABLE_OBJC_WEAK = YES;
				CLANG_WARN_BLOCK_CAPTURE_AUTORELEASING = YES;
				CLANG_WARN_BOOL_CONVERSION = YES;
				CLANG_WARN_COMMA = YES;
				CLANG_WARN_CONSTANT_CONVERSION = YES;
				CLANG_WARN_DEPRECATED_OBJC_IMPLEMENTATIONS = YES;
				CLANG_WARN_DIRECT_OBJC_ISA_USAGE = YES_ERROR;
				CLANG_WARN_DOCUMENTATION_COMMENTS = YES;
				CLANG_WARN_EMPTY_BODY = YES;
				CLANG_WARN_ENUM_CONVERSION = YES;
				CLANG_WARN_INFINITE_RECURSION = YES;
				CLANG_WARN_INT_CONVERSION = YES;
				CLANG_WARN_NON_LITERAL_NULL_CONVERSION = YES;
				CLANG_WARN_OBJC_IMPLICIT_RETAIN_SELF = YES;
				CLANG_WARN_OBJC_LITERAL_CONVERSION = YES;
				CLANG_WARN_OBJC_ROOT_CLASS = YES_ERROR;
				CLANG_WARN_QUOTED_INCLUDE_IN_FRAMEWORK_HEADER = YES;
				CLANG_WARN_RANGE_LOOP_ANALYSIS = YES;
				CLANG_WARN_STRICT_PROTOTYPES = YES;
				CLANG_WARN_SUSPICIOUS_MOVE = YES;
				CLANG_WARN_UNGUARDED_AVAILABILITY = YES_AGGRESSIVE;
				CLANG_WARN_UNREACHABLE_CODE = YES;
				CLANG_WARN__DUPLICATE_METHOD_MATCH = YES;
				COPY_PHASE_STRIP = NO;
				DEBUG_INFORMATION_FORMAT = dwarf;
				ENABLE_STRICT_OBJC_MSGSEND = YES;
				ENABLE_TESTABILITY = YES;
				ENABLE_USER_SCRIPT_SANDBOXING = YES;
				GCC_C_LANGUAGE_STANDARD = gnu17;
				GCC_DYNAMIC_NO_PIC = NO;
				GCC_NO_COMMON_BLOCKS = YES;
				GCC_OPTIMIZATION_LEVEL = 0;
				GCC_PREPROCESSOR_DEFINITIONS = (
					"DEBUG=1",
					"$(inherited)",
				);
				GCC_WARN_64_TO_32_BIT_CONVERSION = YES;
				GCC_WARN_ABOUT_RETURN_TYPE = YES_ERROR;
				GCC_WARN_UNDECLARED_SELECTOR = YES;
				GCC_WARN_UNINITIALIZED_AUTOS = YES_AGGRESSIVE;
				GCC_WARN_UNUSED_FUNCTION = YES;
				GCC_WARN_UNUSED_VARIABLE = YES;
				LOCALIZATION_PREFERS_STRING_CATALOGS = YES;
				MACOSX_DEPLOYMENT_TARGET = 15.0;
				MTL_ENABLE_DEBUG_INFO = INCLUDE_SOURCE;
				MTL_FAST_MATH = YES;
				ONLY_ACTIVE_ARCH = YES;
				OTHER_LDFLAGS = (
					"-sectcreate",
					__TEXT,
					aocinput,
					"$(SRCROOT)/$(PRODUCT_NAME)/input.txt",
					"-sectcreate",
					__TEXT,
					aocsample1,
					"$(SRCROOT)/$(PRODUCT_NAME)/sample1.txt",
					"-sectcreate",
					__TEXT,
					aocsample2,
					"$(SRCROOT)/$(PRODUCT_NAME)/sample2.txt",
				);
				SDKROOT = macosx;
				SWIFT_ACTIVE_COMPILATION_CONDITIONS = "DEBUG $(inherited)";
				SWIFT_OPTIMIZATION_LEVEL = "-Onone";
				SWIFT_VERSION = 6.0;
			};
			name = Debug;
		};
		498ABD352CD58DD300C61A33 /* Release */ = {
			isa = XCBuildConfiguration;
			buildSettings = {
				ALWAYS_SEARCH_USER_PATHS = NO;
				ASSETCATALOG_COMPILER_GENERATE_SWIFT_ASSET_SYMBOL_EXTENSIONS = YES;
				CLANG_ANALYZER_NONNULL = YES;
				CLANG_ANALYZER_NUMBER_OBJECT_CONVERSION = YES_AGGRESSIVE;
				CLANG_CXX_LANGUAGE_STANDARD = "gnu++20";
				CLANG_ENABLE_MODULES = YES;
				CLANG_ENABLE_OBJC_ARC = YES;
				CLANG_ENABLE_OBJC_WEAK = YES;
				CLANG_WARN_BLOCK_CAPTURE_AUTORELEASING = YES;
				CLANG_WARN_BOOL_CONVERSION = YES;
				CLANG_WARN_COMMA = YES;
				CLANG_WARN_CONSTANT_CONVERSION = YES;
				CLANG_WARN_DEPRECATED_OBJC_IMPLEMENTATIONS = YES;
				CLANG_WARN_DIRECT_OBJC_ISA_USAGE = YES_ERROR;
				CLANG_WARN_DOCUMENTATION_COMMENTS = YES;
				CLANG_WARN_EMPTY_BODY = YES;
				CLANG_WARN_ENUM_CONVERSION = YES;
				CLANG_WARN_INFINITE_RECURSION = YES;
				CLANG_WARN_INT_CONVERSION = YES;
				CLANG_WARN_NON_LITERAL_NULL_CONVERSION = YES;
				CLANG_WARN_OBJC_IMPLICIT_RETAIN_SELF = YES;
				CLANG_WARN_OBJC_LITERAL_CONVERSION = YES;
				CLANG_WARN_OBJC_ROOT_CLASS = YES_ERROR;
				CLANG_WARN_QUOTED_INCLUDE_IN_FRAMEWORK_HEADER = YES;
				CLANG_WARN_RANGE_LOOP_ANALYSIS = YES;
				CLANG_WARN_STRICT_PROTOTYPES = YES;
				CLANG_WARN_SUSPICIOUS_MOVE = YES;
				CLANG_WARN_UNGUARDED_AVAILABILITY = YES_AGGRESSIVE;
				CLANG_WARN_UNREACHABLE_CODE = YES;
				CLANG_WARN__DUPLICATE_METHOD_MATCH = YES;
				COPY_PHASE_STRIP = NO;
				DEBUG_INFORMATION_FORMAT = "dwarf-with-dsym";
				ENABLE_NS_ASSERTIONS = NO;
				ENABLE_STRICT_OBJC_MSGSEND = YES;
				ENABLE_USER_SCRIPT_SANDBOXING = YES;
				GCC_C_LANGUAGE_STANDARD = gnu17;
				GCC_NO_COMMON_BLOCKS = YES;
				GCC_WARN_64_TO_32_BIT_CONVERSION = YES;
				GCC_WARN_ABOUT_RETURN_TYPE = YES_ERROR;
				GCC_WARN_UNDECLARED_SELECTOR = YES;
				GCC_WARN_UNINITIALIZED_AUTOS = YES_AGGRESSIVE;
				GCC_WARN_UNUSED_FUNCTION = YES;
				GCC_WARN_UNUSED_VARIABLE = YES;
				LOCALIZATION_PREFERS_STRING_CATALOGS = YES;
				MACOSX_DEPLOYMENT_TARGET = 15.0;
				MTL_ENABLE_DEBUG_INFO = NO;
				MTL_FAST_MATH = YES;
				OTHER_LDFLAGS = (
					"-sectcreate",
					__TEXT,
					aocinput,
					"$(SRCROOT)/$(PRODUCT_NAME)/input.txt",
					"-sectcreate",
					__TEXT,
					aocsample1,
					"$(SRCROOT)/$(PRODUCT_NAME)/sample1.txt",
					"-sectcreate",
					__TEXT,
					aocsample2,
					"$(SRCROOT)/$(PRODUCT_NAME)/sample2.txt",
				);
				SDKROOT = macosx;
				SWIFT_COMPILATION_MODE = wholemodule;
				SWIFT_DISABLE_SAFETY_CHECKS = YES;
				SWIFT_VERSION = 6.0;
			};
			name = Release;
		};
		498ABD442CD58E4600C61A33 /* Debug */ = {
			isa = XCBuildConfiguration;
			buildSettings = {
				CLANG_ENABLE_MODULES = YES;
				CODE_SIGN_STYLE = Automatic;
				DYLIB_COMPATIBILITY_VERSION = 1;
				DYLIB_CURRENT_VERSION = 1;
				EXECUTABLE_PREFIX = lib;
				MACH_O_TYPE = staticlib;
				OTHER_LDFLAGS = "";
				PRODUCT_NAME = "$(TARGET_NAME)";
				SKIP_INSTALL = YES;
				SWIFT_OPTIMIZATION_LEVEL = "-Onone";
			};
			name = Debug;
		};
		498ABD452CD58E4600C61A33 /* Release */ = {
			isa = XCBuildConfiguration;
			buildSettings = {
				CLANG_ENABLE_MODULES = YES;
				CODE_SIGN_STYLE = Automatic;
				DYLIB_COMPATIBILITY_VERSION = 1;
				DYLIB_CURRENT_VERSION = 1;
				EXECUTABLE_PREFIX = lib;
				MACH_O_TYPE = staticlib;
				OTHER_LDFLAGS = "";
				PRODUCT_NAME = "$(TARGET_NAME)";
				SKIP_INSTALL = YES;
			};
			name = Release;
		};
		498ABD772CD62B5500C61A33 /* Debug */ = {
			isa = XCBuildConfiguration;
			buildSettings = {
				CODE_SIGN_STYLE = Automatic;
				CURRENT_PROJECT_VERSION = 1;
				GENERATE_INFOPLIST_FILE = YES;
				MARKETING_VERSION = 1.0;
				OTHER_LDFLAGS = "";
				PRODUCT_BUNDLE_IDENTIFIER = net.darkdust.aoc2024.AOCToolsTest;
				PRODUCT_NAME = "$(TARGET_NAME)";
				SWIFT_EMIT_LOC_STRINGS = NO;
			};
			name = Debug;
		};
		498ABD782CD62B5500C61A33 /* Release */ = {
			isa = XCBuildConfiguration;
			buildSettings = {
				CODE_SIGN_STYLE = Automatic;
				CURRENT_PROJECT_VERSION = 1;
				GENERATE_INFOPLIST_FILE = YES;
				MARKETING_VERSION = 1.0;
				OTHER_LDFLAGS = "";
				PRODUCT_BUNDLE_IDENTIFIER = net.darkdust.aoc2024.AOCToolsTest;
				PRODUCT_NAME = "$(TARGET_NAME)";
				SWIFT_EMIT_LOC_STRINGS = NO;
			};
			name = Release;
		};
		49E172CB2D00C43D001AD7B0 /* Debug */ = {
			isa = XCBuildConfiguration;
			buildSettings = {
				PRODUCT_NAME = "$(TARGET_NAME)";
			};
			name = Debug;
		};
		49E172CC2D00C43D001AD7B0 /* Release */ = {
			isa = XCBuildConfiguration;
			buildSettings = {
				PRODUCT_NAME = "$(TARGET_NAME)";
			};
			name = Release;
		};
		49E172DF2D0220A3001AD7B0 /* Debug */ = {
			isa = XCBuildConfiguration;
			buildSettings = {
				PRODUCT_NAME = "$(TARGET_NAME)";
			};
			name = Debug;
		};
		49E172E02D0220A3001AD7B0 /* Release */ = {
			isa = XCBuildConfiguration;
			buildSettings = {
				PRODUCT_NAME = "$(TARGET_NAME)";
			};
			name = Release;
		};
		49E172F22D0371DE001AD7B0 /* Debug */ = {
			isa = XCBuildConfiguration;
			buildSettings = {
				PRODUCT_NAME = "$(TARGET_NAME)";
			};
			name = Debug;
		};
		49E172F32D0371DE001AD7B0 /* Release */ = {
			isa = XCBuildConfiguration;
			buildSettings = {
				PRODUCT_NAME = "$(TARGET_NAME)";
			};
			name = Release;
		};
		49E172FE2D043056001AD7B0 /* Debug */ = {
			isa = XCBuildConfiguration;
			buildSettings = {
				PRODUCT_NAME = "$(TARGET_NAME)";
			};
			name = Debug;
		};
		49E172FF2D043056001AD7B0 /* Release */ = {
			isa = XCBuildConfiguration;
			buildSettings = {
				PRODUCT_NAME = "$(TARGET_NAME)";
			};
			name = Release;
		};
		49E173132D05741A001AD7B0 /* Debug */ = {
			isa = XCBuildConfiguration;
			buildSettings = {
				PRODUCT_NAME = "$(TARGET_NAME)";
			};
			name = Debug;
		};
		49E173142D05741A001AD7B0 /* Release */ = {
			isa = XCBuildConfiguration;
			buildSettings = {
				PRODUCT_NAME = "$(TARGET_NAME)";
			};
			name = Release;
		};
		49E173262D076C39001AD7B0 /* Debug */ = {
			isa = XCBuildConfiguration;
			buildSettings = {
				PRODUCT_NAME = "$(TARGET_NAME)";
			};
			name = Debug;
		};
		49E173272D076C39001AD7B0 /* Release */ = {
			isa = XCBuildConfiguration;
			buildSettings = {
				PRODUCT_NAME = "$(TARGET_NAME)";
			};
			name = Release;
		};
		49FB41342CFE34AE0056D0C5 /* Debug */ = {
			isa = XCBuildConfiguration;
			buildSettings = {
				PRODUCT_NAME = "$(TARGET_NAME)";
			};
			name = Debug;
		};
		49FB41352CFE34AE0056D0C5 /* Release */ = {
			isa = XCBuildConfiguration;
			buildSettings = {
				PRODUCT_NAME = "$(TARGET_NAME)";
			};
			name = Release;
		};
		49FB414C2CFF6BCB0056D0C5 /* Debug */ = {
			isa = XCBuildConfiguration;
			buildSettings = {
				PRODUCT_NAME = "$(TARGET_NAME)";
			};
			name = Debug;
		};
		49FB414D2CFF6BCB0056D0C5 /* Release */ = {
			isa = XCBuildConfiguration;
			buildSettings = {
				PRODUCT_NAME = "$(TARGET_NAME)";
			};
			name = Release;
		};
/* End XCBuildConfiguration section */

/* Begin XCConfigurationList section */
		4923478B2CFC4E4700BFC91B /* Build configuration list for PBXNativeTarget "Day1" */ = {
			isa = XCConfigurationList;
			buildConfigurations = (
				492347892CFC4E4700BFC91B /* Debug */,
				4923478A2CFC4E4700BFC91B /* Release */,
			);
			defaultConfigurationIsVisible = 0;
			defaultConfigurationName = Release;
		};
		49562B652D0CA99700A0AFED /* Build configuration list for PBXNativeTarget "Day13" */ = {
			isa = XCConfigurationList;
			buildConfigurations = (
				49562B632D0CA99700A0AFED /* Debug */,
				49562B642D0CA99700A0AFED /* Release */,
			);
			defaultConfigurationIsVisible = 0;
			defaultConfigurationName = Release;
		};
		49562BEC2D0D634E00A0AFED /* Build configuration list for PBXNativeTarget "Day14" */ = {
			isa = XCConfigurationList;
			buildConfigurations = (
				49562BEA2D0D634E00A0AFED /* Debug */,
				49562BEB2D0D634E00A0AFED /* Release */,
			);
			defaultConfigurationIsVisible = 0;
			defaultConfigurationName = Release;
		};
		49562D642D0EDB8600A0AFED /* Build configuration list for PBXNativeTarget "Day15" */ = {
			isa = XCConfigurationList;
			buildConfigurations = (
				49562D622D0EDB8600A0AFED /* Debug */,
				49562D632D0EDB8600A0AFED /* Release */,
			);
			defaultConfigurationIsVisible = 0;
			defaultConfigurationName = Release;
		};
		49562D752D10A18000A0AFED /* Build configuration list for PBXNativeTarget "Day16" */ = {
			isa = XCConfigurationList;
			buildConfigurations = (
				49562D762D10A18000A0AFED /* Debug */,
				49562D772D10A18000A0AFED /* Release */,
			);
			defaultConfigurationIsVisible = 0;
			defaultConfigurationName = Release;
		};
		49562D8A2D14254800A0AFED /* Build configuration list for PBXNativeTarget "Day17" */ = {
			isa = XCConfigurationList;
			buildConfigurations = (
				49562D8B2D14254800A0AFED /* Debug */,
				49562D8C2D14254800A0AFED /* Release */,
			);
			defaultConfigurationIsVisible = 0;
			defaultConfigurationName = Release;
		};
		49562D9A2D14915500A0AFED /* Build configuration list for PBXNativeTarget "Day18" */ = {
			isa = XCConfigurationList;
			buildConfigurations = (
				49562D9B2D14915500A0AFED /* Debug */,
				49562D9C2D14915500A0AFED /* Release */,
			);
			defaultConfigurationIsVisible = 0;
			defaultConfigurationName = Release;
		};
		498240DD2D08DA4500B956EA /* Build configuration list for PBXNativeTarget "Day10" */ = {
			isa = XCConfigurationList;
			buildConfigurations = (
				498240DB2D08DA4500B956EA /* Debug */,
				498240DC2D08DA4500B956EA /* Release */,
			);
			defaultConfigurationIsVisible = 0;
			defaultConfigurationName = Release;
		};
		498240E72D0A065F00B956EA /* Build configuration list for PBXNativeTarget "Day11" */ = {
			isa = XCConfigurationList;
			buildConfigurations = (
				498240E82D0A065F00B956EA /* Debug */,
				498240E92D0A065F00B956EA /* Release */,
			);
			defaultConfigurationIsVisible = 0;
			defaultConfigurationName = Release;
		};
		498240F82D0B527A00B956EA /* Build configuration list for PBXNativeTarget "Day12" */ = {
			isa = XCConfigurationList;
			buildConfigurations = (
				498240F92D0B527A00B956EA /* Debug */,
				498240FA2D0B527A00B956EA /* Release */,
			);
			defaultConfigurationIsVisible = 0;
			defaultConfigurationName = Release;
		};
		498ABD2A2CD58DD200C61A33 /* Build configuration list for PBXProject "AdventOfCode2024" */ = {
			isa = XCConfigurationList;
			buildConfigurations = (
				498ABD342CD58DD300C61A33 /* Debug */,
				498ABD352CD58DD300C61A33 /* Release */,
			);
			defaultConfigurationIsVisible = 0;
			defaultConfigurationName = Release;
		};
		498ABD432CD58E4600C61A33 /* Build configuration list for PBXNativeTarget "AOCTools" */ = {
			isa = XCConfigurationList;
			buildConfigurations = (
				498ABD442CD58E4600C61A33 /* Debug */,
				498ABD452CD58E4600C61A33 /* Release */,
			);
			defaultConfigurationIsVisible = 0;
			defaultConfigurationName = Release;
		};
		498ABD762CD62B5500C61A33 /* Build configuration list for PBXNativeTarget "AOCToolsTest" */ = {
			isa = XCConfigurationList;
			buildConfigurations = (
				498ABD772CD62B5500C61A33 /* Debug */,
				498ABD782CD62B5500C61A33 /* Release */,
			);
			defaultConfigurationIsVisible = 0;
			defaultConfigurationName = Release;
		};
		49E172CD2D00C43D001AD7B0 /* Build configuration list for PBXNativeTarget "Day4" */ = {
			isa = XCConfigurationList;
			buildConfigurations = (
				49E172CB2D00C43D001AD7B0 /* Debug */,
				49E172CC2D00C43D001AD7B0 /* Release */,
			);
			defaultConfigurationIsVisible = 0;
			defaultConfigurationName = Release;
		};
		49E172DE2D0220A3001AD7B0 /* Build configuration list for PBXNativeTarget "Day5" */ = {
			isa = XCConfigurationList;
			buildConfigurations = (
				49E172DF2D0220A3001AD7B0 /* Debug */,
				49E172E02D0220A3001AD7B0 /* Release */,
			);
			defaultConfigurationIsVisible = 0;
			defaultConfigurationName = Release;
		};
		49E172F12D0371DE001AD7B0 /* Build configuration list for PBXNativeTarget "Day6" */ = {
			isa = XCConfigurationList;
			buildConfigurations = (
				49E172F22D0371DE001AD7B0 /* Debug */,
				49E172F32D0371DE001AD7B0 /* Release */,
			);
			defaultConfigurationIsVisible = 0;
			defaultConfigurationName = Release;
		};
		49E172FD2D043056001AD7B0 /* Build configuration list for PBXNativeTarget "Day7" */ = {
			isa = XCConfigurationList;
			buildConfigurations = (
				49E172FE2D043056001AD7B0 /* Debug */,
				49E172FF2D043056001AD7B0 /* Release */,
			);
			defaultConfigurationIsVisible = 0;
			defaultConfigurationName = Release;
		};
		49E173122D05741A001AD7B0 /* Build configuration list for PBXNativeTarget "Day8" */ = {
			isa = XCConfigurationList;
			buildConfigurations = (
				49E173132D05741A001AD7B0 /* Debug */,
				49E173142D05741A001AD7B0 /* Release */,
			);
			defaultConfigurationIsVisible = 0;
			defaultConfigurationName = Release;
		};
		49E173252D076C39001AD7B0 /* Build configuration list for PBXNativeTarget "Day9" */ = {
			isa = XCConfigurationList;
			buildConfigurations = (
				49E173262D076C39001AD7B0 /* Debug */,
				49E173272D076C39001AD7B0 /* Release */,
			);
			defaultConfigurationIsVisible = 0;
			defaultConfigurationName = Release;
		};
		49FB41362CFE34AE0056D0C5 /* Build configuration list for PBXNativeTarget "Day2" */ = {
			isa = XCConfigurationList;
			buildConfigurations = (
				49FB41342CFE34AE0056D0C5 /* Debug */,
				49FB41352CFE34AE0056D0C5 /* Release */,
			);
			defaultConfigurationIsVisible = 0;
			defaultConfigurationName = Release;
		};
		49FB414B2CFF6BCB0056D0C5 /* Build configuration list for PBXNativeTarget "Day3" */ = {
			isa = XCConfigurationList;
			buildConfigurations = (
				49FB414C2CFF6BCB0056D0C5 /* Debug */,
				49FB414D2CFF6BCB0056D0C5 /* Release */,
			);
			defaultConfigurationIsVisible = 0;
			defaultConfigurationName = Release;
		};
/* End XCConfigurationList section */

/* Begin XCRemoteSwiftPackageReference section */
		4999274A2CE0D46100505E3F /* XCRemoteSwiftPackageReference "swift-algorithms" */ = {
			isa = XCRemoteSwiftPackageReference;
			repositoryURL = "https://github.com/apple/swift-algorithms.git";
			requirement = {
				kind = upToNextMajorVersion;
				minimumVersion = 1.2.0;
			};
		};
		49CC387C2CD95ED000482D01 /* XCRemoteSwiftPackageReference "swift-collections" */ = {
			isa = XCRemoteSwiftPackageReference;
			repositoryURL = "https://github.com/apple/swift-collections.git";
			requirement = {
				kind = upToNextMajorVersion;
				minimumVersion = 1.1.4;
			};
		};
/* End XCRemoteSwiftPackageReference section */

/* Begin XCSwiftPackageProductDependency section */
		49562B6C2D0CC53400A0AFED /* Algorithms */ = {
			isa = XCSwiftPackageProductDependency;
			package = 4999274A2CE0D46100505E3F /* XCRemoteSwiftPackageReference "swift-algorithms" */;
			productName = Algorithms;
		};
		497AAD922CDAAB0B0083F914 /* DequeModule */ = {
			isa = XCSwiftPackageProductDependency;
			package = 49CC387C2CD95ED000482D01 /* XCRemoteSwiftPackageReference "swift-collections" */;
			productName = DequeModule;
		};
		497AADC82CDC04270083F914 /* Collections */ = {
			isa = XCSwiftPackageProductDependency;
			package = 49CC387C2CD95ED000482D01 /* XCRemoteSwiftPackageReference "swift-collections" */;
			productName = Collections;
		};
		49BA0E2F2CD95FB60054100F /* HeapModule */ = {
			isa = XCSwiftPackageProductDependency;
			package = 49CC387C2CD95ED000482D01 /* XCRemoteSwiftPackageReference "swift-collections" */;
			productName = HeapModule;
		};
		49E172E72D022466001AD7B0 /* Algorithms */ = {
			isa = XCSwiftPackageProductDependency;
			package = 4999274A2CE0D46100505E3F /* XCRemoteSwiftPackageReference "swift-algorithms" */;
			productName = Algorithms;
		};
		49E1731B2D0576B2001AD7B0 /* Algorithms */ = {
			isa = XCSwiftPackageProductDependency;
			package = 4999274A2CE0D46100505E3F /* XCRemoteSwiftPackageReference "swift-algorithms" */;
			productName = Algorithms;
		};
		49F38D862CDA955E00E14138 /* OrderedCollections */ = {
			isa = XCSwiftPackageProductDependency;
			package = 49CC387C2CD95ED000482D01 /* XCRemoteSwiftPackageReference "swift-collections" */;
			productName = OrderedCollections;
		};
		49FB413C2CFE36B30056D0C5 /* Algorithms */ = {
			isa = XCSwiftPackageProductDependency;
			package = 4999274A2CE0D46100505E3F /* XCRemoteSwiftPackageReference "swift-algorithms" */;
			productName = Algorithms;
		};
/* End XCSwiftPackageProductDependency section */
	};
	rootObject = 498ABD272CD58DD200C61A33 /* Project object */;
}
